// !$*UTF8*$!
{
	archiveVersion = 1;
	classes = {
	};
	objectVersion = 50;
	objects = {

/* Begin PBXBuildFile section */
		00C7EF299A649CE299882E80 /* Pods_Nomad.framework in Frameworks */ = {isa = PBXBuildFile; fileRef = 5FA430E54EE4494B507077C7 /* Pods_Nomad.framework */; };
		3B015ACD221C94FE00E7616B /* AppDelegate.swift in Sources */ = {isa = PBXBuildFile; fileRef = 3B015ACC221C94FE00E7616B /* AppDelegate.swift */; };
		3B015AD2221C94FE00E7616B /* Main.storyboard in Resources */ = {isa = PBXBuildFile; fileRef = 3B015AD0221C94FE00E7616B /* Main.storyboard */; };
		3B015AD5221C94FE00E7616B /* Nomad.xcdatamodeld in Sources */ = {isa = PBXBuildFile; fileRef = 3B015AD3221C94FE00E7616B /* Nomad.xcdatamodeld */; };
		3B015AD7221C950100E7616B /* Assets.xcassets in Resources */ = {isa = PBXBuildFile; fileRef = 3B015AD6221C950100E7616B /* Assets.xcassets */; };
		3B015ADA221C950100E7616B /* LaunchScreen.storyboard in Resources */ = {isa = PBXBuildFile; fileRef = 3B015AD8221C950100E7616B /* LaunchScreen.storyboard */; };
		3B015AE5221C950100E7616B /* NomadTests.swift in Sources */ = {isa = PBXBuildFile; fileRef = 3B015AE4221C950100E7616B /* NomadTests.swift */; };
		3B015AF0221C950100E7616B /* NomadUITests.swift in Sources */ = {isa = PBXBuildFile; fileRef = 3B015AEF221C950100E7616B /* NomadUITests.swift */; };
		3B015B02221CA23C00E7616B /* FlightsDataSource.swift in Sources */ = {isa = PBXBuildFile; fileRef = 3B015B01221CA23C00E7616B /* FlightsDataSource.swift */; };
		3B015B05221D220900E7616B /* Flight.swift in Sources */ = {isa = PBXBuildFile; fileRef = 3B015B04221D220900E7616B /* Flight.swift */; };
		3B015B07221D26FA00E7616B /* RouteItem.swift in Sources */ = {isa = PBXBuildFile; fileRef = 3B015B06221D26FA00E7616B /* RouteItem.swift */; };
		3B015B0A221D293200E7616B /* FlightsRepository.swift in Sources */ = {isa = PBXBuildFile; fileRef = 3B015B09221D293200E7616B /* FlightsRepository.swift */; };
		3B015B0D221D2AFE00E7616B /* FlightsRemoteDataSource.swift in Sources */ = {isa = PBXBuildFile; fileRef = 3B015B0C221D2AFE00E7616B /* FlightsRemoteDataSource.swift */; };
		3B015B12221D2C4F00E7616B /* RestNetworkClientProtocol.swift in Sources */ = {isa = PBXBuildFile; fileRef = 3B015B11221D2C4F00E7616B /* RestNetworkClientProtocol.swift */; };
		3B062284222EE0E600267BE5 /* CoreDataManager.swift in Sources */ = {isa = PBXBuildFile; fileRef = 3B062283222EE0E600267BE5 /* CoreDataManager.swift */; };
		3B062286222EE44500267BE5 /* FlightsLocalDataSource.swift in Sources */ = {isa = PBXBuildFile; fileRef = 3B062285222EE44500267BE5 /* FlightsLocalDataSource.swift */; };
		3B06228A222FE38800267BE5 /* CoreDataModule.swift in Sources */ = {isa = PBXBuildFile; fileRef = 3B062289222FE38800267BE5 /* CoreDataModule.swift */; };
		3B06228C222FE69900267BE5 /* CoreDataManagerProtocol.swift in Sources */ = {isa = PBXBuildFile; fileRef = 3B06228B222FE69900267BE5 /* CoreDataManagerProtocol.swift */; };
		3B06228E222FEF1F00267BE5 /* CachingUtils.swift in Sources */ = {isa = PBXBuildFile; fileRef = 3B06228D222FEF1F00267BE5 /* CachingUtils.swift */; };
		3B062290222FF0BB00267BE5 /* StoreUtilsModule.swift in Sources */ = {isa = PBXBuildFile; fileRef = 3B06228F222FF0BB00267BE5 /* StoreUtilsModule.swift */; };
		3B062293222FF3A800267BE5 /* CachingUtilsProtocol.swift in Sources */ = {isa = PBXBuildFile; fileRef = 3B062292222FF3A800267BE5 /* CachingUtilsProtocol.swift */; };
		3B062295222FFB8000267BE5 /* CachingUtilsModule.swift in Sources */ = {isa = PBXBuildFile; fileRef = 3B062294222FFB8000267BE5 /* CachingUtilsModule.swift */; };
		3B062297222FFC0100267BE5 /* DateUtilsProtocol.swift in Sources */ = {isa = PBXBuildFile; fileRef = 3B062296222FFC0100267BE5 /* DateUtilsProtocol.swift */; };
		3B062299222FFCD900267BE5 /* DateUtilsModule.swift in Sources */ = {isa = PBXBuildFile; fileRef = 3B062298222FFCD900267BE5 /* DateUtilsModule.swift */; };
		3B06229B2230C8B900267BE5 /* FilterDataSource.swift in Sources */ = {isa = PBXBuildFile; fileRef = 3B06229A2230C8B900267BE5 /* FilterDataSource.swift */; };
		3B06229D2230CA2900267BE5 /* FilterLocalDataSource.swift in Sources */ = {isa = PBXBuildFile; fileRef = 3B06229C2230CA2900267BE5 /* FilterLocalDataSource.swift */; };
		3B06229F2230CEAC00267BE5 /* FilterModule.swift in Sources */ = {isa = PBXBuildFile; fileRef = 3B06229E2230CEAC00267BE5 /* FilterModule.swift */; };
		3B0622A12230CFF800267BE5 /* FilterRepository.swift in Sources */ = {isa = PBXBuildFile; fileRef = 3B0622A02230CFF800267BE5 /* FilterRepository.swift */; };
		3B0622A4223149D200267BE5 /* AppWideConfigurations.swift in Sources */ = {isa = PBXBuildFile; fileRef = 3B0622A3223149D200267BE5 /* AppWideConfigurations.swift */; };
		3B239A4422200183002C8542 /* DataExceptionHelper.swift in Sources */ = {isa = PBXBuildFile; fileRef = 3B239A4322200183002C8542 /* DataExceptionHelper.swift */; };
		3B239A46222011D1002C8542 /* FlightsRequest.swift in Sources */ = {isa = PBXBuildFile; fileRef = 3B239A45222011D1002C8542 /* FlightsRequest.swift */; };
		3B239A4822201301002C8542 /* FlightsRequestParameter.swift in Sources */ = {isa = PBXBuildFile; fileRef = 3B239A4722201301002C8542 /* FlightsRequestParameter.swift */; };
		3B239A4A22201B16002C8542 /* DataModule.swift in Sources */ = {isa = PBXBuildFile; fileRef = 3B239A4922201B16002C8542 /* DataModule.swift */; };
		3B239A4C22201B50002C8542 /* HttpClientModule.swift in Sources */ = {isa = PBXBuildFile; fileRef = 3B239A4B22201B50002C8542 /* HttpClientModule.swift */; };
		3B239A5622201C9F002C8542 /* Constants.swift in Sources */ = {isa = PBXBuildFile; fileRef = 3B239A5522201C9F002C8542 /* Constants.swift */; };
		3B239A5B22201EF6002C8542 /* FlightsViewController.swift in Sources */ = {isa = PBXBuildFile; fileRef = 3B239A5A22201EF6002C8542 /* FlightsViewController.swift */; };
		3B239A5D22201F11002C8542 /* FlightsViewModel.swift in Sources */ = {isa = PBXBuildFile; fileRef = 3B239A5C22201F11002C8542 /* FlightsViewModel.swift */; };
		3B239A6022202A9D002C8542 /* UINavigationBar+Transparent.swift in Sources */ = {isa = PBXBuildFile; fileRef = 3B239A5F22202A9D002C8542 /* UINavigationBar+Transparent.swift */; };
		3B239A6222202B56002C8542 /* UIColor+Hex.swift in Sources */ = {isa = PBXBuildFile; fileRef = 3B239A6122202B56002C8542 /* UIColor+Hex.swift */; };
		3B239A6622202D23002C8542 /* SchedulersFacadeProtocol.swift in Sources */ = {isa = PBXBuildFile; fileRef = 3B239A6522202D23002C8542 /* SchedulersFacadeProtocol.swift */; };
		3B239A6822202D2C002C8542 /* SchedulersFacade.swift in Sources */ = {isa = PBXBuildFile; fileRef = 3B239A6722202D2C002C8542 /* SchedulersFacade.swift */; };
		3B239A6A222030BD002C8542 /* FlightsFilter.swift in Sources */ = {isa = PBXBuildFile; fileRef = 3B239A69222030BD002C8542 /* FlightsFilter.swift */; };
		3B239A6C22204351002C8542 /* RequestStatus.swift in Sources */ = {isa = PBXBuildFile; fileRef = 3B239A6B22204351002C8542 /* RequestStatus.swift */; };
		3B239A6E2220437D002C8542 /* LoadingStatus.swift in Sources */ = {isa = PBXBuildFile; fileRef = 3B239A6D2220437D002C8542 /* LoadingStatus.swift */; };
		3B239A7322204AE5002C8542 /* NetworkingOperations.swift in Sources */ = {isa = PBXBuildFile; fileRef = 3B239A7222204AE5002C8542 /* NetworkingOperations.swift */; };
		3B239A762220E2C5002C8542 /* FlightsCollectionViewCell.xib in Resources */ = {isa = PBXBuildFile; fileRef = 3B239A752220E2C5002C8542 /* FlightsCollectionViewCell.xib */; };
		3B239A7922229E69002C8542 /* FlightsCollectionViewCell.swift in Sources */ = {isa = PBXBuildFile; fileRef = 3B239A7822229E69002C8542 /* FlightsCollectionViewCell.swift */; };
		3B2EBE2B221F270800A462F6 /* HTTPRequestType.swift in Sources */ = {isa = PBXBuildFile; fileRef = 3B2EBE2A221F270800A462F6 /* HTTPRequestType.swift */; };
		3B2EBE2D221F277C00A462F6 /* Result.swift in Sources */ = {isa = PBXBuildFile; fileRef = 3B2EBE2C221F277C00A462F6 /* Result.swift */; };
		3B2EBE2F221F294000A462F6 /* RestNetworkClient.swift in Sources */ = {isa = PBXBuildFile; fileRef = 3B2EBE2E221F294000A462F6 /* RestNetworkClient.swift */; };
		3B2EBE31221F3E2A00A462F6 /* DataErrorHelper.swift in Sources */ = {isa = PBXBuildFile; fileRef = 3B2EBE30221F3E2A00A462F6 /* DataErrorHelper.swift */; };
		3B2EBE33221F41E600A462F6 /* DataError.swift in Sources */ = {isa = PBXBuildFile; fileRef = 3B2EBE32221F41E600A462F6 /* DataError.swift */; };
		3B2EBE35221F422E00A462F6 /* DataErrorType.swift in Sources */ = {isa = PBXBuildFile; fileRef = 3B2EBE34221F422E00A462F6 /* DataErrorType.swift */; };
		3B2EBE37221F920600A462F6 /* DataErrorMessageFormatter.swift in Sources */ = {isa = PBXBuildFile; fileRef = 3B2EBE36221F920600A462F6 /* DataErrorMessageFormatter.swift */; };
		3B2EBE3A221F9C6D00A462F6 /* FlightsModule.swift in Sources */ = {isa = PBXBuildFile; fileRef = 3B2EBE39221F9C6D00A462F6 /* FlightsModule.swift */; };
		3B2EBE3C221F9D7700A462F6 /* API.swift in Sources */ = {isa = PBXBuildFile; fileRef = 3B2EBE3B221F9D7700A462F6 /* API.swift */; };
		3B396D482222A73F007E744B /* DateUtils.swift in Sources */ = {isa = PBXBuildFile; fileRef = 3B396D472222A73F007E744B /* DateUtils.swift */; };
		3B396D4B2222B66E007E744B /* Shadow.swift in Sources */ = {isa = PBXBuildFile; fileRef = 3B396D4A2222B66E007E744B /* Shadow.swift */; };
		3B396D4D2222B7FA007E744B /* UIView+Shadow.swift in Sources */ = {isa = PBXBuildFile; fileRef = 3B396D4C2222B7FA007E744B /* UIView+Shadow.swift */; };
		3B396D5622233A4B007E744B /* FilterViewController.swift in Sources */ = {isa = PBXBuildFile; fileRef = 3B396D5522233A4B007E744B /* FilterViewController.swift */; };
		3B396D5822233BC3007E744B /* UIBarButtonIten+Action.swift in Sources */ = {isa = PBXBuildFile; fileRef = 3B396D5722233BC3007E744B /* UIBarButtonIten+Action.swift */; };
		3B396D5B22233C0A007E744B /* StoryboardSegue.swift in Sources */ = {isa = PBXBuildFile; fileRef = 3B396D5A22233C0A007E744B /* StoryboardSegue.swift */; };
		3B396D8A222550B3007E744B /* NotificationBannerUtils.swift in Sources */ = {isa = PBXBuildFile; fileRef = 3B396D89222550B3007E744B /* NotificationBannerUtils.swift */; };
		3B396D8C22255D70007E744B /* UIView+RoundedCorners.swift in Sources */ = {isa = PBXBuildFile; fileRef = 3B396D8B22255D70007E744B /* UIView+RoundedCorners.swift */; };
		3B396D9522257587007E744B /* EmptyResultsView.xib in Resources */ = {isa = PBXBuildFile; fileRef = 3B396D9422257587007E744B /* EmptyResultsView.xib */; };
		3B396D97222575A2007E744B /* EmptyResultsView.swift in Sources */ = {isa = PBXBuildFile; fileRef = 3B396D96222575A2007E744B /* EmptyResultsView.swift */; };
		3B396DA72225D3FA007E744B /* LocationsPushRow.swift in Sources */ = {isa = PBXBuildFile; fileRef = 3B396DA62225D3FA007E744B /* LocationsPushRow.swift */; };
		3B396DAB2225D913007E744B /* LocationsViewController.swift in Sources */ = {isa = PBXBuildFile; fileRef = 3B396DAA2225D913007E744B /* LocationsViewController.swift */; };
		3B396DAE2225DA91007E744B /* LocationsViewModel.swift in Sources */ = {isa = PBXBuildFile; fileRef = 3B396DAD2225DA91007E744B /* LocationsViewModel.swift */; };
		3BB35FFD222936BA00AFA6D7 /* StoreUtilsProtocol.swift in Sources */ = {isa = PBXBuildFile; fileRef = 3BB35FFC222936BA00AFA6D7 /* StoreUtilsProtocol.swift */; };
		3BB35FFF2229372000AFA6D7 /* StoreUtils.swift in Sources */ = {isa = PBXBuildFile; fileRef = 3BB35FFE2229372000AFA6D7 /* StoreUtils.swift */; };
		3BB360012229374300AFA6D7 /* StoreUtilsKeys.swift in Sources */ = {isa = PBXBuildFile; fileRef = 3BB360002229374300AFA6D7 /* StoreUtilsKeys.swift */; };
		3BD33DC9222646B0007C6E37 /* LocationsDataSource.swift in Sources */ = {isa = PBXBuildFile; fileRef = 3BD33DC8222646B0007C6E37 /* LocationsDataSource.swift */; };
		3BD33DCB2226482F007C6E37 /* Location.swift in Sources */ = {isa = PBXBuildFile; fileRef = 3BD33DCA2226482F007C6E37 /* Location.swift */; };
		3BD33DCD22264A6E007C6E37 /* LocationsRemoteDataSource.swift in Sources */ = {isa = PBXBuildFile; fileRef = 3BD33DCC22264A6E007C6E37 /* LocationsRemoteDataSource.swift */; };
		3BD33DCF2226A026007C6E37 /* LocationsRequestParameter.swift in Sources */ = {isa = PBXBuildFile; fileRef = 3BD33DCE2226A026007C6E37 /* LocationsRequestParameter.swift */; };
		3BD33DD32226C400007C6E37 /* LocationsTableViewCell.swift in Sources */ = {isa = PBXBuildFile; fileRef = 3BD33DD22226C400007C6E37 /* LocationsTableViewCell.swift */; };
		3BD33DD52226C436007C6E37 /* LocationsTableViewCell.xib in Resources */ = {isa = PBXBuildFile; fileRef = 3BD33DD42226C436007C6E37 /* LocationsTableViewCell.xib */; };
		3BD33DD72226C89D007C6E37 /* LocationsModule.swift in Sources */ = {isa = PBXBuildFile; fileRef = 3BD33DD62226C89D007C6E37 /* LocationsModule.swift */; };
		3BD33DD92226C994007C6E37 /* LocationsRepository.swift in Sources */ = {isa = PBXBuildFile; fileRef = 3BD33DD82226C994007C6E37 /* LocationsRepository.swift */; };
		3BD33DE222273E22007C6E37 /* FilterViewModel.swift in Sources */ = {isa = PBXBuildFile; fileRef = 3BD33DE122273E22007C6E37 /* FilterViewModel.swift */; };
		3BD33DE522274221007C6E37 /* Injectable.swift in Sources */ = {isa = PBXBuildFile; fileRef = 3BD33DE422274221007C6E37 /* Injectable.swift */; };
		3BD33DE722274472007C6E37 /* UIViewController+SegueIdentifier.swift in Sources */ = {isa = PBXBuildFile; fileRef = 3BD33DE622274472007C6E37 /* UIViewController+SegueIdentifier.swift */; };
		3BD33DE92227590C007C6E37 /* TravelInterval.swift in Sources */ = {isa = PBXBuildFile; fileRef = 3BD33DE82227590C007C6E37 /* TravelInterval.swift */; };
		3BD33DEC2227BA2B007C6E37 /* Date+WeekendDates.swift in Sources */ = {isa = PBXBuildFile; fileRef = 3BD33DEB2227BA2B007C6E37 /* Date+WeekendDates.swift */; };
		3BD33DFE22286616007C6E37 /* FlightsResponse.swift in Sources */ = {isa = PBXBuildFile; fileRef = 3BD33DFD22286616007C6E37 /* FlightsResponse.swift */; };
		3BD33E0422286F69007C6E37 /* AppUtils.swift in Sources */ = {isa = PBXBuildFile; fileRef = 3BD33E0322286F69007C6E37 /* AppUtils.swift */; };
		6D207CF81B49C76E27B3A7E6 /* Pods_NomadUITests.framework in Frameworks */ = {isa = PBXBuildFile; fileRef = FF7E3742DA1DC642B0F6A47E /* Pods_NomadUITests.framework */; };
		99F7F0C84892586422FF4750 /* Pods_NomadTests.framework in Frameworks */ = {isa = PBXBuildFile; fileRef = 840757F62F64F63065D30AF4 /* Pods_NomadTests.framework */; };
/* End PBXBuildFile section */

/* Begin PBXContainerItemProxy section */
		3B015AE1221C950100E7616B /* PBXContainerItemProxy */ = {
			isa = PBXContainerItemProxy;
			containerPortal = 3B015AC1221C94FE00E7616B /* Project object */;
			proxyType = 1;
			remoteGlobalIDString = 3B015AC8221C94FE00E7616B;
			remoteInfo = Nomad;
		};
		3B015AEC221C950100E7616B /* PBXContainerItemProxy */ = {
			isa = PBXContainerItemProxy;
			containerPortal = 3B015AC1221C94FE00E7616B /* Project object */;
			proxyType = 1;
			remoteGlobalIDString = 3B015AC8221C94FE00E7616B;
			remoteInfo = Nomad;
		};
/* End PBXContainerItemProxy section */

/* Begin PBXFileReference section */
		3B015AC9221C94FE00E7616B /* Nomad.app */ = {isa = PBXFileReference; explicitFileType = wrapper.application; includeInIndex = 0; path = Nomad.app; sourceTree = BUILT_PRODUCTS_DIR; };
		3B015ACC221C94FE00E7616B /* AppDelegate.swift */ = {isa = PBXFileReference; lastKnownFileType = sourcecode.swift; path = AppDelegate.swift; sourceTree = "<group>"; };
		3B015AD1221C94FE00E7616B /* Base */ = {isa = PBXFileReference; lastKnownFileType = file.storyboard; name = Base; path = Base.lproj/Main.storyboard; sourceTree = "<group>"; };
		3B015AD4221C94FE00E7616B /* Nomad.xcdatamodel */ = {isa = PBXFileReference; lastKnownFileType = wrapper.xcdatamodel; path = Nomad.xcdatamodel; sourceTree = "<group>"; };
		3B015AD6221C950100E7616B /* Assets.xcassets */ = {isa = PBXFileReference; lastKnownFileType = folder.assetcatalog; path = Assets.xcassets; sourceTree = "<group>"; };
		3B015AD9221C950100E7616B /* Base */ = {isa = PBXFileReference; lastKnownFileType = file.storyboard; name = Base; path = Base.lproj/LaunchScreen.storyboard; sourceTree = "<group>"; };
		3B015ADB221C950100E7616B /* Info.plist */ = {isa = PBXFileReference; lastKnownFileType = text.plist.xml; path = Info.plist; sourceTree = "<group>"; };
		3B015AE0221C950100E7616B /* NomadTests.xctest */ = {isa = PBXFileReference; explicitFileType = wrapper.cfbundle; includeInIndex = 0; path = NomadTests.xctest; sourceTree = BUILT_PRODUCTS_DIR; };
		3B015AE4221C950100E7616B /* NomadTests.swift */ = {isa = PBXFileReference; lastKnownFileType = sourcecode.swift; path = NomadTests.swift; sourceTree = "<group>"; };
		3B015AE6221C950100E7616B /* Info.plist */ = {isa = PBXFileReference; lastKnownFileType = text.plist.xml; path = Info.plist; sourceTree = "<group>"; };
		3B015AEB221C950100E7616B /* NomadUITests.xctest */ = {isa = PBXFileReference; explicitFileType = wrapper.cfbundle; includeInIndex = 0; path = NomadUITests.xctest; sourceTree = BUILT_PRODUCTS_DIR; };
		3B015AEF221C950100E7616B /* NomadUITests.swift */ = {isa = PBXFileReference; lastKnownFileType = sourcecode.swift; path = NomadUITests.swift; sourceTree = "<group>"; };
		3B015AF1221C950100E7616B /* Info.plist */ = {isa = PBXFileReference; lastKnownFileType = text.plist.xml; path = Info.plist; sourceTree = "<group>"; };
		3B015B01221CA23C00E7616B /* FlightsDataSource.swift */ = {isa = PBXFileReference; lastKnownFileType = sourcecode.swift; path = FlightsDataSource.swift; sourceTree = "<group>"; };
		3B015B04221D220900E7616B /* Flight.swift */ = {isa = PBXFileReference; lastKnownFileType = sourcecode.swift; path = Flight.swift; sourceTree = "<group>"; };
		3B015B06221D26FA00E7616B /* RouteItem.swift */ = {isa = PBXFileReference; lastKnownFileType = sourcecode.swift; path = RouteItem.swift; sourceTree = "<group>"; };
		3B015B09221D293200E7616B /* FlightsRepository.swift */ = {isa = PBXFileReference; lastKnownFileType = sourcecode.swift; path = FlightsRepository.swift; sourceTree = "<group>"; };
		3B015B0C221D2AFE00E7616B /* FlightsRemoteDataSource.swift */ = {isa = PBXFileReference; lastKnownFileType = sourcecode.swift; path = FlightsRemoteDataSource.swift; sourceTree = "<group>"; };
		3B015B11221D2C4F00E7616B /* RestNetworkClientProtocol.swift */ = {isa = PBXFileReference; lastKnownFileType = sourcecode.swift; path = RestNetworkClientProtocol.swift; sourceTree = "<group>"; };
		3B062283222EE0E600267BE5 /* CoreDataManager.swift */ = {isa = PBXFileReference; lastKnownFileType = sourcecode.swift; path = CoreDataManager.swift; sourceTree = "<group>"; };
		3B062285222EE44500267BE5 /* FlightsLocalDataSource.swift */ = {isa = PBXFileReference; lastKnownFileType = sourcecode.swift; path = FlightsLocalDataSource.swift; sourceTree = "<group>"; };
		3B062289222FE38800267BE5 /* CoreDataModule.swift */ = {isa = PBXFileReference; lastKnownFileType = sourcecode.swift; path = CoreDataModule.swift; sourceTree = "<group>"; };
		3B06228B222FE69900267BE5 /* CoreDataManagerProtocol.swift */ = {isa = PBXFileReference; lastKnownFileType = sourcecode.swift; path = CoreDataManagerProtocol.swift; sourceTree = "<group>"; };
		3B06228D222FEF1F00267BE5 /* CachingUtils.swift */ = {isa = PBXFileReference; lastKnownFileType = sourcecode.swift; path = CachingUtils.swift; sourceTree = "<group>"; };
		3B06228F222FF0BB00267BE5 /* StoreUtilsModule.swift */ = {isa = PBXFileReference; lastKnownFileType = sourcecode.swift; path = StoreUtilsModule.swift; sourceTree = "<group>"; };
		3B062292222FF3A800267BE5 /* CachingUtilsProtocol.swift */ = {isa = PBXFileReference; lastKnownFileType = sourcecode.swift; path = CachingUtilsProtocol.swift; sourceTree = "<group>"; };
		3B062294222FFB8000267BE5 /* CachingUtilsModule.swift */ = {isa = PBXFileReference; lastKnownFileType = sourcecode.swift; path = CachingUtilsModule.swift; sourceTree = "<group>"; };
		3B062296222FFC0100267BE5 /* DateUtilsProtocol.swift */ = {isa = PBXFileReference; lastKnownFileType = sourcecode.swift; path = DateUtilsProtocol.swift; sourceTree = "<group>"; };
		3B062298222FFCD900267BE5 /* DateUtilsModule.swift */ = {isa = PBXFileReference; lastKnownFileType = sourcecode.swift; path = DateUtilsModule.swift; sourceTree = "<group>"; };
		3B06229A2230C8B900267BE5 /* FilterDataSource.swift */ = {isa = PBXFileReference; lastKnownFileType = sourcecode.swift; path = FilterDataSource.swift; sourceTree = "<group>"; };
		3B06229C2230CA2900267BE5 /* FilterLocalDataSource.swift */ = {isa = PBXFileReference; lastKnownFileType = sourcecode.swift; path = FilterLocalDataSource.swift; sourceTree = "<group>"; };
		3B06229E2230CEAC00267BE5 /* FilterModule.swift */ = {isa = PBXFileReference; lastKnownFileType = sourcecode.swift; path = FilterModule.swift; sourceTree = "<group>"; };
		3B0622A02230CFF800267BE5 /* FilterRepository.swift */ = {isa = PBXFileReference; lastKnownFileType = sourcecode.swift; path = FilterRepository.swift; sourceTree = "<group>"; };
		3B0622A3223149D200267BE5 /* AppWideConfigurations.swift */ = {isa = PBXFileReference; lastKnownFileType = sourcecode.swift; path = AppWideConfigurations.swift; sourceTree = "<group>"; };
		3B239A4322200183002C8542 /* DataExceptionHelper.swift */ = {isa = PBXFileReference; lastKnownFileType = sourcecode.swift; path = DataExceptionHelper.swift; sourceTree = "<group>"; };
		3B239A45222011D1002C8542 /* FlightsRequest.swift */ = {isa = PBXFileReference; lastKnownFileType = sourcecode.swift; path = FlightsRequest.swift; sourceTree = "<group>"; };
		3B239A4722201301002C8542 /* FlightsRequestParameter.swift */ = {isa = PBXFileReference; lastKnownFileType = sourcecode.swift; path = FlightsRequestParameter.swift; sourceTree = "<group>"; };
		3B239A4922201B16002C8542 /* DataModule.swift */ = {isa = PBXFileReference; lastKnownFileType = sourcecode.swift; path = DataModule.swift; sourceTree = "<group>"; };
		3B239A4B22201B50002C8542 /* HttpClientModule.swift */ = {isa = PBXFileReference; lastKnownFileType = sourcecode.swift; path = HttpClientModule.swift; sourceTree = "<group>"; };
		3B239A5522201C9F002C8542 /* Constants.swift */ = {isa = PBXFileReference; lastKnownFileType = sourcecode.swift; path = Constants.swift; sourceTree = "<group>"; };
		3B239A5A22201EF6002C8542 /* FlightsViewController.swift */ = {isa = PBXFileReference; lastKnownFileType = sourcecode.swift; path = FlightsViewController.swift; sourceTree = "<group>"; };
		3B239A5C22201F11002C8542 /* FlightsViewModel.swift */ = {isa = PBXFileReference; lastKnownFileType = sourcecode.swift; path = FlightsViewModel.swift; sourceTree = "<group>"; };
		3B239A5F22202A9D002C8542 /* UINavigationBar+Transparent.swift */ = {isa = PBXFileReference; lastKnownFileType = sourcecode.swift; path = "UINavigationBar+Transparent.swift"; sourceTree = "<group>"; };
		3B239A6122202B56002C8542 /* UIColor+Hex.swift */ = {isa = PBXFileReference; lastKnownFileType = sourcecode.swift; path = "UIColor+Hex.swift"; sourceTree = "<group>"; };
		3B239A6522202D23002C8542 /* SchedulersFacadeProtocol.swift */ = {isa = PBXFileReference; lastKnownFileType = sourcecode.swift; path = SchedulersFacadeProtocol.swift; sourceTree = "<group>"; };
		3B239A6722202D2C002C8542 /* SchedulersFacade.swift */ = {isa = PBXFileReference; lastKnownFileType = sourcecode.swift; path = SchedulersFacade.swift; sourceTree = "<group>"; };
		3B239A69222030BD002C8542 /* FlightsFilter.swift */ = {isa = PBXFileReference; lastKnownFileType = sourcecode.swift; path = FlightsFilter.swift; sourceTree = "<group>"; };
		3B239A6B22204351002C8542 /* RequestStatus.swift */ = {isa = PBXFileReference; lastKnownFileType = sourcecode.swift; path = RequestStatus.swift; sourceTree = "<group>"; };
		3B239A6D2220437D002C8542 /* LoadingStatus.swift */ = {isa = PBXFileReference; lastKnownFileType = sourcecode.swift; path = LoadingStatus.swift; sourceTree = "<group>"; };
		3B239A7222204AE5002C8542 /* NetworkingOperations.swift */ = {isa = PBXFileReference; lastKnownFileType = sourcecode.swift; path = NetworkingOperations.swift; sourceTree = "<group>"; };
		3B239A752220E2C5002C8542 /* FlightsCollectionViewCell.xib */ = {isa = PBXFileReference; lastKnownFileType = file.xib; path = FlightsCollectionViewCell.xib; sourceTree = "<group>"; };
		3B239A7822229E69002C8542 /* FlightsCollectionViewCell.swift */ = {isa = PBXFileReference; lastKnownFileType = sourcecode.swift; path = FlightsCollectionViewCell.swift; sourceTree = "<group>"; };
		3B2EBE2A221F270800A462F6 /* HTTPRequestType.swift */ = {isa = PBXFileReference; lastKnownFileType = sourcecode.swift; path = HTTPRequestType.swift; sourceTree = "<group>"; };
		3B2EBE2C221F277C00A462F6 /* Result.swift */ = {isa = PBXFileReference; lastKnownFileType = sourcecode.swift; path = Result.swift; sourceTree = "<group>"; };
		3B2EBE2E221F294000A462F6 /* RestNetworkClient.swift */ = {isa = PBXFileReference; lastKnownFileType = sourcecode.swift; path = RestNetworkClient.swift; sourceTree = "<group>"; };
		3B2EBE30221F3E2A00A462F6 /* DataErrorHelper.swift */ = {isa = PBXFileReference; lastKnownFileType = sourcecode.swift; path = DataErrorHelper.swift; sourceTree = "<group>"; };
		3B2EBE32221F41E600A462F6 /* DataError.swift */ = {isa = PBXFileReference; lastKnownFileType = sourcecode.swift; path = DataError.swift; sourceTree = "<group>"; };
		3B2EBE34221F422E00A462F6 /* DataErrorType.swift */ = {isa = PBXFileReference; lastKnownFileType = sourcecode.swift; path = DataErrorType.swift; sourceTree = "<group>"; };
		3B2EBE36221F920600A462F6 /* DataErrorMessageFormatter.swift */ = {isa = PBXFileReference; lastKnownFileType = sourcecode.swift; path = DataErrorMessageFormatter.swift; sourceTree = "<group>"; };
		3B2EBE39221F9C6D00A462F6 /* FlightsModule.swift */ = {isa = PBXFileReference; lastKnownFileType = sourcecode.swift; path = FlightsModule.swift; sourceTree = "<group>"; };
		3B2EBE3B221F9D7700A462F6 /* API.swift */ = {isa = PBXFileReference; lastKnownFileType = sourcecode.swift; path = API.swift; sourceTree = "<group>"; };
		3B396D472222A73F007E744B /* DateUtils.swift */ = {isa = PBXFileReference; lastKnownFileType = sourcecode.swift; path = DateUtils.swift; sourceTree = "<group>"; };
		3B396D4A2222B66E007E744B /* Shadow.swift */ = {isa = PBXFileReference; lastKnownFileType = sourcecode.swift; path = Shadow.swift; sourceTree = "<group>"; };
		3B396D4C2222B7FA007E744B /* UIView+Shadow.swift */ = {isa = PBXFileReference; lastKnownFileType = sourcecode.swift; path = "UIView+Shadow.swift"; sourceTree = "<group>"; };
		3B396D5522233A4B007E744B /* FilterViewController.swift */ = {isa = PBXFileReference; lastKnownFileType = sourcecode.swift; path = FilterViewController.swift; sourceTree = "<group>"; };
		3B396D5722233BC3007E744B /* UIBarButtonIten+Action.swift */ = {isa = PBXFileReference; lastKnownFileType = sourcecode.swift; path = "UIBarButtonIten+Action.swift"; sourceTree = "<group>"; };
		3B396D5A22233C0A007E744B /* StoryboardSegue.swift */ = {isa = PBXFileReference; lastKnownFileType = sourcecode.swift; path = StoryboardSegue.swift; sourceTree = "<group>"; };
		3B396D89222550B3007E744B /* NotificationBannerUtils.swift */ = {isa = PBXFileReference; lastKnownFileType = sourcecode.swift; path = NotificationBannerUtils.swift; sourceTree = "<group>"; };
		3B396D8B22255D70007E744B /* UIView+RoundedCorners.swift */ = {isa = PBXFileReference; lastKnownFileType = sourcecode.swift; path = "UIView+RoundedCorners.swift"; sourceTree = "<group>"; };
		3B396D9422257587007E744B /* EmptyResultsView.xib */ = {isa = PBXFileReference; lastKnownFileType = file.xib; path = EmptyResultsView.xib; sourceTree = "<group>"; };
		3B396D96222575A2007E744B /* EmptyResultsView.swift */ = {isa = PBXFileReference; lastKnownFileType = sourcecode.swift; path = EmptyResultsView.swift; sourceTree = "<group>"; };
		3B396DA62225D3FA007E744B /* LocationsPushRow.swift */ = {isa = PBXFileReference; lastKnownFileType = sourcecode.swift; path = LocationsPushRow.swift; sourceTree = "<group>"; };
		3B396DAA2225D913007E744B /* LocationsViewController.swift */ = {isa = PBXFileReference; lastKnownFileType = sourcecode.swift; path = LocationsViewController.swift; sourceTree = "<group>"; };
		3B396DAD2225DA91007E744B /* LocationsViewModel.swift */ = {isa = PBXFileReference; lastKnownFileType = sourcecode.swift; path = LocationsViewModel.swift; sourceTree = "<group>"; };
		3BB35FFC222936BA00AFA6D7 /* StoreUtilsProtocol.swift */ = {isa = PBXFileReference; lastKnownFileType = sourcecode.swift; path = StoreUtilsProtocol.swift; sourceTree = "<group>"; };
		3BB35FFE2229372000AFA6D7 /* StoreUtils.swift */ = {isa = PBXFileReference; lastKnownFileType = sourcecode.swift; path = StoreUtils.swift; sourceTree = "<group>"; };
		3BB360002229374300AFA6D7 /* StoreUtilsKeys.swift */ = {isa = PBXFileReference; lastKnownFileType = sourcecode.swift; path = StoreUtilsKeys.swift; sourceTree = "<group>"; };
		3BD33DC8222646B0007C6E37 /* LocationsDataSource.swift */ = {isa = PBXFileReference; lastKnownFileType = sourcecode.swift; path = LocationsDataSource.swift; sourceTree = "<group>"; };
		3BD33DCA2226482F007C6E37 /* Location.swift */ = {isa = PBXFileReference; lastKnownFileType = sourcecode.swift; path = Location.swift; sourceTree = "<group>"; };
		3BD33DCC22264A6E007C6E37 /* LocationsRemoteDataSource.swift */ = {isa = PBXFileReference; lastKnownFileType = sourcecode.swift; path = LocationsRemoteDataSource.swift; sourceTree = "<group>"; };
		3BD33DCE2226A026007C6E37 /* LocationsRequestParameter.swift */ = {isa = PBXFileReference; lastKnownFileType = sourcecode.swift; path = LocationsRequestParameter.swift; sourceTree = "<group>"; };
		3BD33DD22226C400007C6E37 /* LocationsTableViewCell.swift */ = {isa = PBXFileReference; lastKnownFileType = sourcecode.swift; path = LocationsTableViewCell.swift; sourceTree = "<group>"; };
		3BD33DD42226C436007C6E37 /* LocationsTableViewCell.xib */ = {isa = PBXFileReference; lastKnownFileType = file.xib; path = LocationsTableViewCell.xib; sourceTree = "<group>"; };
		3BD33DD62226C89D007C6E37 /* LocationsModule.swift */ = {isa = PBXFileReference; lastKnownFileType = sourcecode.swift; path = LocationsModule.swift; sourceTree = "<group>"; };
		3BD33DD82226C994007C6E37 /* LocationsRepository.swift */ = {isa = PBXFileReference; lastKnownFileType = sourcecode.swift; path = LocationsRepository.swift; sourceTree = "<group>"; };
		3BD33DE122273E22007C6E37 /* FilterViewModel.swift */ = {isa = PBXFileReference; lastKnownFileType = sourcecode.swift; path = FilterViewModel.swift; sourceTree = "<group>"; };
		3BD33DE422274221007C6E37 /* Injectable.swift */ = {isa = PBXFileReference; lastKnownFileType = sourcecode.swift; path = Injectable.swift; sourceTree = "<group>"; };
		3BD33DE622274472007C6E37 /* UIViewController+SegueIdentifier.swift */ = {isa = PBXFileReference; lastKnownFileType = sourcecode.swift; path = "UIViewController+SegueIdentifier.swift"; sourceTree = "<group>"; };
		3BD33DE82227590C007C6E37 /* TravelInterval.swift */ = {isa = PBXFileReference; lastKnownFileType = sourcecode.swift; path = TravelInterval.swift; sourceTree = "<group>"; };
		3BD33DEB2227BA2B007C6E37 /* Date+WeekendDates.swift */ = {isa = PBXFileReference; lastKnownFileType = sourcecode.swift; path = "Date+WeekendDates.swift"; sourceTree = "<group>"; };
		3BD33DFD22286616007C6E37 /* FlightsResponse.swift */ = {isa = PBXFileReference; lastKnownFileType = sourcecode.swift; path = FlightsResponse.swift; sourceTree = "<group>"; };
		3BD33E0322286F69007C6E37 /* AppUtils.swift */ = {isa = PBXFileReference; lastKnownFileType = sourcecode.swift; path = AppUtils.swift; sourceTree = "<group>"; };
		4A624D3D16D74451A6BD87E4 /* Pods-NomadUITests.debug.xcconfig */ = {isa = PBXFileReference; includeInIndex = 1; lastKnownFileType = text.xcconfig; name = "Pods-NomadUITests.debug.xcconfig"; path = "Pods/Target Support Files/Pods-NomadUITests/Pods-NomadUITests.debug.xcconfig"; sourceTree = "<group>"; };
		542B4189711871D97DA56A14 /* Pods-NomadTests.debug.xcconfig */ = {isa = PBXFileReference; includeInIndex = 1; lastKnownFileType = text.xcconfig; name = "Pods-NomadTests.debug.xcconfig"; path = "Pods/Target Support Files/Pods-NomadTests/Pods-NomadTests.debug.xcconfig"; sourceTree = "<group>"; };
		5FA430E54EE4494B507077C7 /* Pods_Nomad.framework */ = {isa = PBXFileReference; explicitFileType = wrapper.framework; includeInIndex = 0; path = Pods_Nomad.framework; sourceTree = BUILT_PRODUCTS_DIR; };
		840757F62F64F63065D30AF4 /* Pods_NomadTests.framework */ = {isa = PBXFileReference; explicitFileType = wrapper.framework; includeInIndex = 0; path = Pods_NomadTests.framework; sourceTree = BUILT_PRODUCTS_DIR; };
		A5FD716DE76DDC8FE3B5B2B7 /* Pods-Nomad.debug.xcconfig */ = {isa = PBXFileReference; includeInIndex = 1; lastKnownFileType = text.xcconfig; name = "Pods-Nomad.debug.xcconfig"; path = "Pods/Target Support Files/Pods-Nomad/Pods-Nomad.debug.xcconfig"; sourceTree = "<group>"; };
		BF6BF238B9BAB7EB8783B9E5 /* Pods-NomadTests.release.xcconfig */ = {isa = PBXFileReference; includeInIndex = 1; lastKnownFileType = text.xcconfig; name = "Pods-NomadTests.release.xcconfig"; path = "Pods/Target Support Files/Pods-NomadTests/Pods-NomadTests.release.xcconfig"; sourceTree = "<group>"; };
		DFCCC487AD09716E084952C2 /* Pods-Nomad.release.xcconfig */ = {isa = PBXFileReference; includeInIndex = 1; lastKnownFileType = text.xcconfig; name = "Pods-Nomad.release.xcconfig"; path = "Pods/Target Support Files/Pods-Nomad/Pods-Nomad.release.xcconfig"; sourceTree = "<group>"; };
		FF7E3742DA1DC642B0F6A47E /* Pods_NomadUITests.framework */ = {isa = PBXFileReference; explicitFileType = wrapper.framework; includeInIndex = 0; path = Pods_NomadUITests.framework; sourceTree = BUILT_PRODUCTS_DIR; };
		FF9A5F5D3C1CE9E056E51A26 /* Pods-NomadUITests.release.xcconfig */ = {isa = PBXFileReference; includeInIndex = 1; lastKnownFileType = text.xcconfig; name = "Pods-NomadUITests.release.xcconfig"; path = "Pods/Target Support Files/Pods-NomadUITests/Pods-NomadUITests.release.xcconfig"; sourceTree = "<group>"; };
/* End PBXFileReference section */

/* Begin PBXFrameworksBuildPhase section */
		3B015AC6221C94FE00E7616B /* Frameworks */ = {
			isa = PBXFrameworksBuildPhase;
			buildActionMask = 2147483647;
			files = (
				00C7EF299A649CE299882E80 /* Pods_Nomad.framework in Frameworks */,
			);
			runOnlyForDeploymentPostprocessing = 0;
		};
		3B015ADD221C950100E7616B /* Frameworks */ = {
			isa = PBXFrameworksBuildPhase;
			buildActionMask = 2147483647;
			files = (
				99F7F0C84892586422FF4750 /* Pods_NomadTests.framework in Frameworks */,
			);
			runOnlyForDeploymentPostprocessing = 0;
		};
		3B015AE8221C950100E7616B /* Frameworks */ = {
			isa = PBXFrameworksBuildPhase;
			buildActionMask = 2147483647;
			files = (
				6D207CF81B49C76E27B3A7E6 /* Pods_NomadUITests.framework in Frameworks */,
			);
			runOnlyForDeploymentPostprocessing = 0;
		};
/* End PBXFrameworksBuildPhase section */

/* Begin PBXGroup section */
		2A2E794C5556216DEEC3050E /* Pods */ = {
			isa = PBXGroup;
			children = (
				A5FD716DE76DDC8FE3B5B2B7 /* Pods-Nomad.debug.xcconfig */,
				DFCCC487AD09716E084952C2 /* Pods-Nomad.release.xcconfig */,
				542B4189711871D97DA56A14 /* Pods-NomadTests.debug.xcconfig */,
				BF6BF238B9BAB7EB8783B9E5 /* Pods-NomadTests.release.xcconfig */,
				4A624D3D16D74451A6BD87E4 /* Pods-NomadUITests.debug.xcconfig */,
				FF9A5F5D3C1CE9E056E51A26 /* Pods-NomadUITests.release.xcconfig */,
			);
			name = Pods;
			sourceTree = "<group>";
		};
		3B015AC0221C94FE00E7616B = {
			isa = PBXGroup;
			children = (
				3B015ACB221C94FE00E7616B /* Nomad */,
				3B015AE3221C950100E7616B /* NomadTests */,
				3B015AEE221C950100E7616B /* NomadUITests */,
				3B015ACA221C94FE00E7616B /* Products */,
				2A2E794C5556216DEEC3050E /* Pods */,
				B47CC4D92DD02B8048AA7EEA /* Frameworks */,
			);
			sourceTree = "<group>";
		};
		3B015ACA221C94FE00E7616B /* Products */ = {
			isa = PBXGroup;
			children = (
				3B015AC9221C94FE00E7616B /* Nomad.app */,
				3B015AE0221C950100E7616B /* NomadTests.xctest */,
				3B015AEB221C950100E7616B /* NomadUITests.xctest */,
			);
			name = Products;
			sourceTree = "<group>";
		};
		3B015ACB221C94FE00E7616B /* Nomad */ = {
			isa = PBXGroup;
			children = (
				3B239A5222201C6F002C8542 /* App */,
				3B239A4D22201C1A002C8542 /* Presentation */,
				3B015AFE221CA15A00E7616B /* Data */,
				3B015AD6221C950100E7616B /* Assets.xcassets */,
				3B015ADB221C950100E7616B /* Info.plist */,
			);
			path = Nomad;
			sourceTree = "<group>";
		};
		3B015AE3221C950100E7616B /* NomadTests */ = {
			isa = PBXGroup;
			children = (
				3B015AE4221C950100E7616B /* NomadTests.swift */,
				3B015AE6221C950100E7616B /* Info.plist */,
			);
			path = NomadTests;
			sourceTree = "<group>";
		};
		3B015AEE221C950100E7616B /* NomadUITests */ = {
			isa = PBXGroup;
			children = (
				3B015AEF221C950100E7616B /* NomadUITests.swift */,
				3B015AF1221C950100E7616B /* Info.plist */,
			);
			path = NomadUITests;
			sourceTree = "<group>";
		};
		3B015AFE221CA15A00E7616B /* Data */ = {
			isa = PBXGroup;
			children = (
				3B015B0E221D2BC000E7616B /* ApiClients */,
				3B062267222D69D800267BE5 /* Constants */,
				3B062288222EE45F00267BE5 /* DataSources */,
				3B239A4222200170002C8542 /* Exceptions */,
				3BD33DEA2227B9EC007C6E37 /* Extensions */,
				3B2EBE29221F26E900A462F6 /* Helpers */,
				3B015B03221D21FC00E7616B /* Models */,
				3B2EBE38221F9C5900A462F6 /* Modules */,
				3B015B00221CA20700E7616B /* Protocols */,
				3B015B08221D28FF00E7616B /* Repositories */,
				3B396D452222A72B007E744B /* Utils */,
			);
			path = Data;
			sourceTree = "<group>";
		};
		3B015B00221CA20700E7616B /* Protocols */ = {
			isa = PBXGroup;
			children = (
				3B06229A2230C8B900267BE5 /* FilterDataSource.swift */,
				3B015B01221CA23C00E7616B /* FlightsDataSource.swift */,
				3BD33DC8222646B0007C6E37 /* LocationsDataSource.swift */,
			);
			path = Protocols;
			sourceTree = "<group>";
		};
		3B015B03221D21FC00E7616B /* Models */ = {
			isa = PBXGroup;
			children = (
				3B2EBE32221F41E600A462F6 /* DataError.swift */,
				3B015B04221D220900E7616B /* Flight.swift */,
				3B239A69222030BD002C8542 /* FlightsFilter.swift */,
				3B239A45222011D1002C8542 /* FlightsRequest.swift */,
				3BD33DFD22286616007C6E37 /* FlightsResponse.swift */,
				3BD33DCA2226482F007C6E37 /* Location.swift */,
				3B239A6B22204351002C8542 /* RequestStatus.swift */,
				3B015B06221D26FA00E7616B /* RouteItem.swift */,
			);
			path = Models;
			sourceTree = "<group>";
		};
		3B015B08221D28FF00E7616B /* Repositories */ = {
			isa = PBXGroup;
			children = (
				3B0622A02230CFF800267BE5 /* FilterRepository.swift */,
				3B015B09221D293200E7616B /* FlightsRepository.swift */,
				3BD33DD82226C994007C6E37 /* LocationsRepository.swift */,
			);
			path = Repositories;
			sourceTree = "<group>";
		};
		3B015B0B221D2AE100E7616B /* Remote */ = {
			isa = PBXGroup;
			children = (
				3B015B0C221D2AFE00E7616B /* FlightsRemoteDataSource.swift */,
				3BD33DCC22264A6E007C6E37 /* LocationsRemoteDataSource.swift */,
			);
			path = Remote;
			sourceTree = "<group>";
		};
		3B015B0E221D2BC000E7616B /* ApiClients */ = {
			isa = PBXGroup;
			children = (
				3B015B10221D2C3600E7616B /* Clients */,
				3B015B0F221D2C3000E7616B /* Protocols */,
			);
			path = ApiClients;
			sourceTree = "<group>";
		};
		3B015B0F221D2C3000E7616B /* Protocols */ = {
			isa = PBXGroup;
			children = (
				3B015B11221D2C4F00E7616B /* RestNetworkClientProtocol.swift */,
			);
			path = Protocols;
			sourceTree = "<group>";
		};
		3B015B10221D2C3600E7616B /* Clients */ = {
			isa = PBXGroup;
			children = (
				3B2EBE2E221F294000A462F6 /* RestNetworkClient.swift */,
			);
			path = Clients;
			sourceTree = "<group>";
		};
		3B062251222D60AA00267BE5 /* DataErrorMessageFormatter */ = {
			isa = PBXGroup;
			children = (
				3B2EBE36221F920600A462F6 /* DataErrorMessageFormatter.swift */,
			);
			path = DataErrorMessageFormatter;
			sourceTree = "<group>";
		};
		3B062267222D69D800267BE5 /* Constants */ = {
			isa = PBXGroup;
			children = (
				3B2EBE3B221F9D7700A462F6 /* API.swift */,
			);
			path = Constants;
			sourceTree = "<group>";
		};
		3B062287222EE45300267BE5 /* Local */ = {
			isa = PBXGroup;
			children = (
				3B062285222EE44500267BE5 /* FlightsLocalDataSource.swift */,
				3B06229C2230CA2900267BE5 /* FilterLocalDataSource.swift */,
			);
			path = Local;
			sourceTree = "<group>";
		};
		3B062288222EE45F00267BE5 /* DataSources */ = {
			isa = PBXGroup;
			children = (
				3B062287222EE45300267BE5 /* Local */,
				3B015B0B221D2AE100E7616B /* Remote */,
			);
			path = DataSources;
			sourceTree = "<group>";
		};
		3B062291222FF39A00267BE5 /* CachingUtils */ = {
			isa = PBXGroup;
			children = (
				3B06228D222FEF1F00267BE5 /* CachingUtils.swift */,
				3B062292222FF3A800267BE5 /* CachingUtilsProtocol.swift */,
			);
			path = CachingUtils;
			sourceTree = "<group>";
		};
		3B0622A2223149A700267BE5 /* AppWideConfigurations */ = {
			isa = PBXGroup;
			children = (
				3B0622A3223149D200267BE5 /* AppWideConfigurations.swift */,
			);
			path = AppWideConfigurations;
			sourceTree = "<group>";
		};
		3B239A4222200170002C8542 /* Exceptions */ = {
			isa = PBXGroup;
			children = (
				3B239A4322200183002C8542 /* DataExceptionHelper.swift */,
			);
			path = Exceptions;
			sourceTree = "<group>";
		};
		3B239A4D22201C1A002C8542 /* Presentation */ = {
			isa = PBXGroup;
			children = (
				3B239A5E22202A82002C8542 /* Extensions */,
				3B396D5922233BFB007E744B /* Helpers */,
				3B396D492222B65B007E744B /* Models */,
				3BD33DE32227420D007C6E37 /* Protocols */,
				3B239A4E22201C22002C8542 /* Scenes */,
				3B239A6322202D0C002C8542 /* Shared */,
				3B396D8822254FD6007E744B /* Utils */,
			);
			path = Presentation;
			sourceTree = "<group>";
		};
		3B239A4E22201C22002C8542 /* Scenes */ = {
			isa = PBXGroup;
			children = (
				3B396DA82225D8FE007E744B /* Locations */,
				3B396D5322233A33007E744B /* Filter */,
				3B239A4F22201C47002C8542 /* Flights */,
			);
			path = Scenes;
			sourceTree = "<group>";
		};
		3B239A4F22201C47002C8542 /* Flights */ = {
			isa = PBXGroup;
			children = (
				3B239A5022201C59002C8542 /* ViewControllers */,
				3B239A5122201C5F002C8542 /* ViewModels */,
				3B239A7722229E36002C8542 /* Views */,
				3B239A742220E177002C8542 /* XibFiles */,
			);
			path = Flights;
			sourceTree = "<group>";
		};
		3B239A5022201C59002C8542 /* ViewControllers */ = {
			isa = PBXGroup;
			children = (
				3B239A5A22201EF6002C8542 /* FlightsViewController.swift */,
			);
			path = ViewControllers;
			sourceTree = "<group>";
		};
		3B239A5122201C5F002C8542 /* ViewModels */ = {
			isa = PBXGroup;
			children = (
				3B239A5C22201F11002C8542 /* FlightsViewModel.swift */,
			);
			path = ViewModels;
			sourceTree = "<group>";
		};
		3B239A5222201C6F002C8542 /* App */ = {
			isa = PBXGroup;
			children = (
				3B0622A2223149A700267BE5 /* AppWideConfigurations */,
				3B239A5322201C76002C8542 /* AppDelegate */,
				3B239A5422201C87002C8542 /* Constants */,
				3B239A5722201CA8002C8542 /* CoreData */,
				3B239A5922201CC1002C8542 /* Storyboards */,
				3BD33E0222286F59007C6E37 /* Utils */,
			);
			path = App;
			sourceTree = "<group>";
		};
		3B239A5322201C76002C8542 /* AppDelegate */ = {
			isa = PBXGroup;
			children = (
				3B015ACC221C94FE00E7616B /* AppDelegate.swift */,
			);
			path = AppDelegate;
			sourceTree = "<group>";
		};
		3B239A5422201C87002C8542 /* Constants */ = {
			isa = PBXGroup;
			children = (
				3B239A5522201C9F002C8542 /* Constants.swift */,
			);
			path = Constants;
			sourceTree = "<group>";
		};
		3B239A5722201CA8002C8542 /* CoreData */ = {
			isa = PBXGroup;
			children = (
				3B239A5822201CB1002C8542 /* DataModels */,
				3B062283222EE0E600267BE5 /* CoreDataManager.swift */,
				3B06228B222FE69900267BE5 /* CoreDataManagerProtocol.swift */,
			);
			path = CoreData;
			sourceTree = "<group>";
		};
		3B239A5822201CB1002C8542 /* DataModels */ = {
			isa = PBXGroup;
			children = (
				3B015AD3221C94FE00E7616B /* Nomad.xcdatamodeld */,
			);
			path = DataModels;
			sourceTree = "<group>";
		};
		3B239A5922201CC1002C8542 /* Storyboards */ = {
			isa = PBXGroup;
			children = (
				3B015AD0221C94FE00E7616B /* Main.storyboard */,
				3B015AD8221C950100E7616B /* LaunchScreen.storyboard */,
			);
			path = Storyboards;
			sourceTree = "<group>";
		};
		3B239A5E22202A82002C8542 /* Extensions */ = {
			isa = PBXGroup;
			children = (
				3B239A6122202B56002C8542 /* UIColor+Hex.swift */,
				3B239A5F22202A9D002C8542 /* UINavigationBar+Transparent.swift */,
				3B396D4C2222B7FA007E744B /* UIView+Shadow.swift */,
				3B396D5722233BC3007E744B /* UIBarButtonIten+Action.swift */,
				3B396D8B22255D70007E744B /* UIView+RoundedCorners.swift */,
				3BD33DE622274472007C6E37 /* UIViewController+SegueIdentifier.swift */,
			);
			path = Extensions;
			sourceTree = "<group>";
		};
		3B239A6322202D0C002C8542 /* Shared */ = {
			isa = PBXGroup;
			children = (
				3B396D932225753D007E744B /* ErrorViews */,
				3B239A7122204AD5002C8542 /* NetworkingOperations */,
				3B239A6422202D13002C8542 /* SchedulersFacade */,
			);
			path = Shared;
			sourceTree = "<group>";
		};
		3B239A6422202D13002C8542 /* SchedulersFacade */ = {
			isa = PBXGroup;
			children = (
				3B239A6522202D23002C8542 /* SchedulersFacadeProtocol.swift */,
				3B239A6722202D2C002C8542 /* SchedulersFacade.swift */,
			);
			path = SchedulersFacade;
			sourceTree = "<group>";
		};
		3B239A7122204AD5002C8542 /* NetworkingOperations */ = {
			isa = PBXGroup;
			children = (
				3B239A7222204AE5002C8542 /* NetworkingOperations.swift */,
			);
			path = NetworkingOperations;
			sourceTree = "<group>";
		};
		3B239A742220E177002C8542 /* XibFiles */ = {
			isa = PBXGroup;
			children = (
				3B239A752220E2C5002C8542 /* FlightsCollectionViewCell.xib */,
			);
			path = XibFiles;
			sourceTree = "<group>";
		};
		3B239A7722229E36002C8542 /* Views */ = {
			isa = PBXGroup;
			children = (
				3B239A7822229E69002C8542 /* FlightsCollectionViewCell.swift */,
			);
			path = Views;
			sourceTree = "<group>";
		};
		3B2EBE29221F26E900A462F6 /* Helpers */ = {
			isa = PBXGroup;
			children = (
				3B2EBE30221F3E2A00A462F6 /* DataErrorHelper.swift */,
				3B2EBE34221F422E00A462F6 /* DataErrorType.swift */,
				3B239A4722201301002C8542 /* FlightsRequestParameter.swift */,
				3B2EBE2A221F270800A462F6 /* HTTPRequestType.swift */,
				3B239A6D2220437D002C8542 /* LoadingStatus.swift */,
				3BD33DCE2226A026007C6E37 /* LocationsRequestParameter.swift */,
				3B2EBE2C221F277C00A462F6 /* Result.swift */,
				3BD33DE82227590C007C6E37 /* TravelInterval.swift */,
			);
			path = Helpers;
			sourceTree = "<group>";
		};
		3B2EBE38221F9C5900A462F6 /* Modules */ = {
			isa = PBXGroup;
			children = (
				3B062289222FE38800267BE5 /* CoreDataModule.swift */,
				3B062294222FFB8000267BE5 /* CachingUtilsModule.swift */,
				3B239A4922201B16002C8542 /* DataModule.swift */,
				3B062298222FFCD900267BE5 /* DateUtilsModule.swift */,
				3B06229E2230CEAC00267BE5 /* FilterModule.swift */,
				3B2EBE39221F9C6D00A462F6 /* FlightsModule.swift */,
				3B239A4B22201B50002C8542 /* HttpClientModule.swift */,
				3BD33DD62226C89D007C6E37 /* LocationsModule.swift */,
				3B06228F222FF0BB00267BE5 /* StoreUtilsModule.swift */,
			);
			path = Modules;
			sourceTree = "<group>";
		};
		3B396D452222A72B007E744B /* Utils */ = {
			isa = PBXGroup;
			children = (
				3B062291222FF39A00267BE5 /* CachingUtils */,
				3B062251222D60AA00267BE5 /* DataErrorMessageFormatter */,
				3B396D462222A734007E744B /* DateUtils */,
				3BB35FFB2229368100AFA6D7 /* StoreUtils */,
			);
			path = Utils;
			sourceTree = "<group>";
		};
		3B396D462222A734007E744B /* DateUtils */ = {
			isa = PBXGroup;
			children = (
				3B396D472222A73F007E744B /* DateUtils.swift */,
				3B062296222FFC0100267BE5 /* DateUtilsProtocol.swift */,
			);
			path = DateUtils;
			sourceTree = "<group>";
		};
		3B396D492222B65B007E744B /* Models */ = {
			isa = PBXGroup;
			children = (
				3B396D4A2222B66E007E744B /* Shadow.swift */,
			);
			path = Models;
			sourceTree = "<group>";
		};
		3B396D5322233A33007E744B /* Filter */ = {
			isa = PBXGroup;
			children = (
				3B396D5422233A3D007E744B /* ViewControllers */,
				3B396DA52225D3E4007E744B /* ViewModels */,
				3B396DA42225D3DE007E744B /* Views */,
			);
			path = Filter;
			sourceTree = "<group>";
		};
		3B396D5422233A3D007E744B /* ViewControllers */ = {
			isa = PBXGroup;
			children = (
				3B396D5522233A4B007E744B /* FilterViewController.swift */,
			);
			path = ViewControllers;
			sourceTree = "<group>";
		};
		3B396D5922233BFB007E744B /* Helpers */ = {
			isa = PBXGroup;
			children = (
				3B396D5A22233C0A007E744B /* StoryboardSegue.swift */,
			);
			path = Helpers;
			sourceTree = "<group>";
		};
		3B396D8822254FD6007E744B /* Utils */ = {
			isa = PBXGroup;
			children = (
				3B396D89222550B3007E744B /* NotificationBannerUtils.swift */,
			);
			path = Utils;
			sourceTree = "<group>";
		};
		3B396D932225753D007E744B /* ErrorViews */ = {
			isa = PBXGroup;
			children = (
				3B396D96222575A2007E744B /* EmptyResultsView.swift */,
				3B396D9422257587007E744B /* EmptyResultsView.xib */,
			);
			path = ErrorViews;
			sourceTree = "<group>";
		};
		3B396DA42225D3DE007E744B /* Views */ = {
			isa = PBXGroup;
			children = (
				3B396DA62225D3FA007E744B /* LocationsPushRow.swift */,
			);
			path = Views;
			sourceTree = "<group>";
		};
		3B396DA52225D3E4007E744B /* ViewModels */ = {
			isa = PBXGroup;
			children = (
				3BD33DE122273E22007C6E37 /* FilterViewModel.swift */,
			);
			path = ViewModels;
			sourceTree = "<group>";
		};
		3B396DA82225D8FE007E744B /* Locations */ = {
			isa = PBXGroup;
			children = (
				3B396DA92225D905007E744B /* ViewControllers */,
				3B396DAC2225DA83007E744B /* ViewModels */,
				3BD33DD02226C3B5007C6E37 /* Views */,
				3BD33DD12226C3BB007C6E37 /* XibFiles */,
			);
			path = Locations;
			sourceTree = "<group>";
		};
		3B396DA92225D905007E744B /* ViewControllers */ = {
			isa = PBXGroup;
			children = (
				3B396DAA2225D913007E744B /* LocationsViewController.swift */,
			);
			path = ViewControllers;
			sourceTree = "<group>";
		};
		3B396DAC2225DA83007E744B /* ViewModels */ = {
			isa = PBXGroup;
			children = (
				3B396DAD2225DA91007E744B /* LocationsViewModel.swift */,
			);
			path = ViewModels;
			sourceTree = "<group>";
		};
		3BB35FFB2229368100AFA6D7 /* StoreUtils */ = {
			isa = PBXGroup;
			children = (
				3BB35FFE2229372000AFA6D7 /* StoreUtils.swift */,
				3BB35FFC222936BA00AFA6D7 /* StoreUtilsProtocol.swift */,
				3BB360002229374300AFA6D7 /* StoreUtilsKeys.swift */,
			);
			path = StoreUtils;
			sourceTree = "<group>";
		};
		3BD33DD02226C3B5007C6E37 /* Views */ = {
			isa = PBXGroup;
			children = (
				3BD33DD22226C400007C6E37 /* LocationsTableViewCell.swift */,
			);
			path = Views;
			sourceTree = "<group>";
		};
		3BD33DD12226C3BB007C6E37 /* XibFiles */ = {
			isa = PBXGroup;
			children = (
				3BD33DD42226C436007C6E37 /* LocationsTableViewCell.xib */,
			);
			path = XibFiles;
			sourceTree = "<group>";
		};
		3BD33DE32227420D007C6E37 /* Protocols */ = {
			isa = PBXGroup;
			children = (
				3BD33DE422274221007C6E37 /* Injectable.swift */,
			);
			path = Protocols;
			sourceTree = "<group>";
		};
		3BD33DEA2227B9EC007C6E37 /* Extensions */ = {
			isa = PBXGroup;
			children = (
				3BD33DEB2227BA2B007C6E37 /* Date+WeekendDates.swift */,
			);
			path = Extensions;
			sourceTree = "<group>";
		};
		3BD33E0222286F59007C6E37 /* Utils */ = {
			isa = PBXGroup;
			children = (
				3BD33E0322286F69007C6E37 /* AppUtils.swift */,
			);
			path = Utils;
			sourceTree = "<group>";
		};
		B47CC4D92DD02B8048AA7EEA /* Frameworks */ = {
			isa = PBXGroup;
			children = (
				5FA430E54EE4494B507077C7 /* Pods_Nomad.framework */,
				840757F62F64F63065D30AF4 /* Pods_NomadTests.framework */,
				FF7E3742DA1DC642B0F6A47E /* Pods_NomadUITests.framework */,
			);
			name = Frameworks;
			sourceTree = "<group>";
		};
/* End PBXGroup section */

/* Begin PBXNativeTarget section */
		3B015AC8221C94FE00E7616B /* Nomad */ = {
			isa = PBXNativeTarget;
			buildConfigurationList = 3B015AF4221C950100E7616B /* Build configuration list for PBXNativeTarget "Nomad" */;
			buildPhases = (
				3CD617C57DE9949FE779DC9F /* [CP] Check Pods Manifest.lock */,
				3B015AC5221C94FE00E7616B /* Sources */,
				3B015AC6221C94FE00E7616B /* Frameworks */,
				3B015AC7221C94FE00E7616B /* Resources */,
				CA95A892062168A32907CF4D /* [CP] Embed Pods Frameworks */,
			);
			buildRules = (
			);
			dependencies = (
			);
			name = Nomad;
			productName = Nomad;
			productReference = 3B015AC9221C94FE00E7616B /* Nomad.app */;
			productType = "com.apple.product-type.application";
		};
		3B015ADF221C950100E7616B /* NomadTests */ = {
			isa = PBXNativeTarget;
			buildConfigurationList = 3B015AF7221C950100E7616B /* Build configuration list for PBXNativeTarget "NomadTests" */;
			buildPhases = (
				7407FA1B82F44C57049616DE /* [CP] Check Pods Manifest.lock */,
				3B015ADC221C950100E7616B /* Sources */,
				3B015ADD221C950100E7616B /* Frameworks */,
				3B015ADE221C950100E7616B /* Resources */,
			);
			buildRules = (
			);
			dependencies = (
				3B015AE2221C950100E7616B /* PBXTargetDependency */,
			);
			name = NomadTests;
			productName = NomadTests;
			productReference = 3B015AE0221C950100E7616B /* NomadTests.xctest */;
			productType = "com.apple.product-type.bundle.unit-test";
		};
		3B015AEA221C950100E7616B /* NomadUITests */ = {
			isa = PBXNativeTarget;
			buildConfigurationList = 3B015AFA221C950100E7616B /* Build configuration list for PBXNativeTarget "NomadUITests" */;
			buildPhases = (
				A2B0456A53A5B05402159A4F /* [CP] Check Pods Manifest.lock */,
				3B015AE7221C950100E7616B /* Sources */,
				3B015AE8221C950100E7616B /* Frameworks */,
				3B015AE9221C950100E7616B /* Resources */,
			);
			buildRules = (
			);
			dependencies = (
				3B015AED221C950100E7616B /* PBXTargetDependency */,
			);
			name = NomadUITests;
			productName = NomadUITests;
			productReference = 3B015AEB221C950100E7616B /* NomadUITests.xctest */;
			productType = "com.apple.product-type.bundle.ui-testing";
		};
/* End PBXNativeTarget section */

/* Begin PBXProject section */
		3B015AC1221C94FE00E7616B /* Project object */ = {
			isa = PBXProject;
			attributes = {
				LastSwiftUpdateCheck = 1010;
				LastUpgradeCheck = 1010;
				ORGANIZATIONNAME = "Mohammed Safwat";
				TargetAttributes = {
					3B015AC8221C94FE00E7616B = {
						CreatedOnToolsVersion = 10.1;
					};
					3B015ADF221C950100E7616B = {
						CreatedOnToolsVersion = 10.1;
						TestTargetID = 3B015AC8221C94FE00E7616B;
					};
					3B015AEA221C950100E7616B = {
						CreatedOnToolsVersion = 10.1;
						TestTargetID = 3B015AC8221C94FE00E7616B;
					};
				};
			};
			buildConfigurationList = 3B015AC4221C94FE00E7616B /* Build configuration list for PBXProject "Nomad" */;
			compatibilityVersion = "Xcode 9.3";
			developmentRegion = en;
			hasScannedForEncodings = 0;
			knownRegions = (
				en,
				Base,
			);
			mainGroup = 3B015AC0221C94FE00E7616B;
			productRefGroup = 3B015ACA221C94FE00E7616B /* Products */;
			projectDirPath = "";
			projectRoot = "";
			targets = (
				3B015AC8221C94FE00E7616B /* Nomad */,
				3B015ADF221C950100E7616B /* NomadTests */,
				3B015AEA221C950100E7616B /* NomadUITests */,
			);
		};
/* End PBXProject section */

/* Begin PBXResourcesBuildPhase section */
		3B015AC7221C94FE00E7616B /* Resources */ = {
			isa = PBXResourcesBuildPhase;
			buildActionMask = 2147483647;
			files = (
				3B015ADA221C950100E7616B /* LaunchScreen.storyboard in Resources */,
				3B015AD7221C950100E7616B /* Assets.xcassets in Resources */,
				3B396D9522257587007E744B /* EmptyResultsView.xib in Resources */,
				3B239A762220E2C5002C8542 /* FlightsCollectionViewCell.xib in Resources */,
				3BD33DD52226C436007C6E37 /* LocationsTableViewCell.xib in Resources */,
				3B015AD2221C94FE00E7616B /* Main.storyboard in Resources */,
			);
			runOnlyForDeploymentPostprocessing = 0;
		};
		3B015ADE221C950100E7616B /* Resources */ = {
			isa = PBXResourcesBuildPhase;
			buildActionMask = 2147483647;
			files = (
			);
			runOnlyForDeploymentPostprocessing = 0;
		};
		3B015AE9221C950100E7616B /* Resources */ = {
			isa = PBXResourcesBuildPhase;
			buildActionMask = 2147483647;
			files = (
			);
			runOnlyForDeploymentPostprocessing = 0;
		};
/* End PBXResourcesBuildPhase section */

/* Begin PBXShellScriptBuildPhase section */
		3CD617C57DE9949FE779DC9F /* [CP] Check Pods Manifest.lock */ = {
			isa = PBXShellScriptBuildPhase;
			buildActionMask = 2147483647;
			files = (
			);
			inputPaths = (
				"${PODS_PODFILE_DIR_PATH}/Podfile.lock",
				"${PODS_ROOT}/Manifest.lock",
			);
			name = "[CP] Check Pods Manifest.lock";
			outputPaths = (
				"$(DERIVED_FILE_DIR)/Pods-Nomad-checkManifestLockResult.txt",
			);
			runOnlyForDeploymentPostprocessing = 0;
			shellPath = /bin/sh;
			shellScript = "diff \"${PODS_PODFILE_DIR_PATH}/Podfile.lock\" \"${PODS_ROOT}/Manifest.lock\" > /dev/null\nif [ $? != 0 ] ; then\n    # print error to STDERR\n    echo \"error: The sandbox is not in sync with the Podfile.lock. Run 'pod install' or update your CocoaPods installation.\" >&2\n    exit 1\nfi\n# This output is used by Xcode 'outputs' to avoid re-running this script phase.\necho \"SUCCESS\" > \"${SCRIPT_OUTPUT_FILE_0}\"\n";
			showEnvVarsInLog = 0;
		};
		7407FA1B82F44C57049616DE /* [CP] Check Pods Manifest.lock */ = {
			isa = PBXShellScriptBuildPhase;
			buildActionMask = 2147483647;
			files = (
			);
			inputPaths = (
				"${PODS_PODFILE_DIR_PATH}/Podfile.lock",
				"${PODS_ROOT}/Manifest.lock",
			);
			name = "[CP] Check Pods Manifest.lock";
			outputPaths = (
				"$(DERIVED_FILE_DIR)/Pods-NomadTests-checkManifestLockResult.txt",
			);
			runOnlyForDeploymentPostprocessing = 0;
			shellPath = /bin/sh;
			shellScript = "diff \"${PODS_PODFILE_DIR_PATH}/Podfile.lock\" \"${PODS_ROOT}/Manifest.lock\" > /dev/null\nif [ $? != 0 ] ; then\n    # print error to STDERR\n    echo \"error: The sandbox is not in sync with the Podfile.lock. Run 'pod install' or update your CocoaPods installation.\" >&2\n    exit 1\nfi\n# This output is used by Xcode 'outputs' to avoid re-running this script phase.\necho \"SUCCESS\" > \"${SCRIPT_OUTPUT_FILE_0}\"\n";
			showEnvVarsInLog = 0;
		};
		A2B0456A53A5B05402159A4F /* [CP] Check Pods Manifest.lock */ = {
			isa = PBXShellScriptBuildPhase;
			buildActionMask = 2147483647;
			files = (
			);
			inputPaths = (
				"${PODS_PODFILE_DIR_PATH}/Podfile.lock",
				"${PODS_ROOT}/Manifest.lock",
			);
			name = "[CP] Check Pods Manifest.lock";
			outputPaths = (
				"$(DERIVED_FILE_DIR)/Pods-NomadUITests-checkManifestLockResult.txt",
			);
			runOnlyForDeploymentPostprocessing = 0;
			shellPath = /bin/sh;
			shellScript = "diff \"${PODS_PODFILE_DIR_PATH}/Podfile.lock\" \"${PODS_ROOT}/Manifest.lock\" > /dev/null\nif [ $? != 0 ] ; then\n    # print error to STDERR\n    echo \"error: The sandbox is not in sync with the Podfile.lock. Run 'pod install' or update your CocoaPods installation.\" >&2\n    exit 1\nfi\n# This output is used by Xcode 'outputs' to avoid re-running this script phase.\necho \"SUCCESS\" > \"${SCRIPT_OUTPUT_FILE_0}\"\n";
			showEnvVarsInLog = 0;
		};
		CA95A892062168A32907CF4D /* [CP] Embed Pods Frameworks */ = {
			isa = PBXShellScriptBuildPhase;
			buildActionMask = 2147483647;
			files = (
			);
			inputPaths = (
				"${SRCROOT}/Pods/Target Support Files/Pods-Nomad/Pods-Nomad-frameworks.sh",
				"${BUILT_PRODUCTS_DIR}/Alamofire/Alamofire.framework",
				"${BUILT_PRODUCTS_DIR}/AlamofireObjectMapper/AlamofireObjectMapper.framework",
				"${BUILT_PRODUCTS_DIR}/EasyPeasy/EasyPeasy.framework",
				"${BUILT_PRODUCTS_DIR}/Eureka/Eureka.framework",
				"${BUILT_PRODUCTS_DIR}/NVActivityIndicatorView/NVActivityIndicatorView.framework",
				"${BUILT_PRODUCTS_DIR}/ObjectMapper/ObjectMapper.framework",
				"${BUILT_PRODUCTS_DIR}/RxAlamofire/RxAlamofire.framework",
				"${BUILT_PRODUCTS_DIR}/RxAtomic/RxAtomic.framework",
				"${BUILT_PRODUCTS_DIR}/RxCocoa/RxCocoa.framework",
				"${BUILT_PRODUCTS_DIR}/RxSwift/RxSwift.framework",
				"${BUILT_PRODUCTS_DIR}/SwiftMessages/SwiftMessages.framework",
				"${BUILT_PRODUCTS_DIR}/UIGradient/UIGradient.framework",
			);
			name = "[CP] Embed Pods Frameworks";
			outputPaths = (
				"${TARGET_BUILD_DIR}/${FRAMEWORKS_FOLDER_PATH}/Alamofire.framework",
				"${TARGET_BUILD_DIR}/${FRAMEWORKS_FOLDER_PATH}/AlamofireObjectMapper.framework",
				"${TARGET_BUILD_DIR}/${FRAMEWORKS_FOLDER_PATH}/EasyPeasy.framework",
				"${TARGET_BUILD_DIR}/${FRAMEWORKS_FOLDER_PATH}/Eureka.framework",
				"${TARGET_BUILD_DIR}/${FRAMEWORKS_FOLDER_PATH}/NVActivityIndicatorView.framework",
				"${TARGET_BUILD_DIR}/${FRAMEWORKS_FOLDER_PATH}/ObjectMapper.framework",
				"${TARGET_BUILD_DIR}/${FRAMEWORKS_FOLDER_PATH}/RxAlamofire.framework",
				"${TARGET_BUILD_DIR}/${FRAMEWORKS_FOLDER_PATH}/RxAtomic.framework",
				"${TARGET_BUILD_DIR}/${FRAMEWORKS_FOLDER_PATH}/RxCocoa.framework",
				"${TARGET_BUILD_DIR}/${FRAMEWORKS_FOLDER_PATH}/RxSwift.framework",
				"${TARGET_BUILD_DIR}/${FRAMEWORKS_FOLDER_PATH}/SwiftMessages.framework",
				"${TARGET_BUILD_DIR}/${FRAMEWORKS_FOLDER_PATH}/UIGradient.framework",
			);
			runOnlyForDeploymentPostprocessing = 0;
			shellPath = /bin/sh;
			shellScript = "\"${SRCROOT}/Pods/Target Support Files/Pods-Nomad/Pods-Nomad-frameworks.sh\"\n";
			showEnvVarsInLog = 0;
		};
/* End PBXShellScriptBuildPhase section */

/* Begin PBXSourcesBuildPhase section */
		3B015AC5221C94FE00E7616B /* Sources */ = {
			isa = PBXSourcesBuildPhase;
			buildActionMask = 2147483647;
			files = (
				3B2EBE31221F3E2A00A462F6 /* DataErrorHelper.swift in Sources */,
				3B062295222FFB8000267BE5 /* CachingUtilsModule.swift in Sources */,
				3B396D97222575A2007E744B /* EmptyResultsView.swift in Sources */,
				3BD33DD72226C89D007C6E37 /* LocationsModule.swift in Sources */,
				3B062286222EE44500267BE5 /* FlightsLocalDataSource.swift in Sources */,
				3BD33DD92226C994007C6E37 /* LocationsRepository.swift in Sources */,
				3B239A4822201301002C8542 /* FlightsRequestParameter.swift in Sources */,
				3BD33DCD22264A6E007C6E37 /* LocationsRemoteDataSource.swift in Sources */,
				3B239A4C22201B50002C8542 /* HttpClientModule.swift in Sources */,
				3B396DAB2225D913007E744B /* LocationsViewController.swift in Sources */,
				3BD33DD32226C400007C6E37 /* LocationsTableViewCell.swift in Sources */,
				3B06228A222FE38800267BE5 /* CoreDataModule.swift in Sources */,
				3BB35FFF2229372000AFA6D7 /* StoreUtils.swift in Sources */,
				3B396D8C22255D70007E744B /* UIView+RoundedCorners.swift in Sources */,
				3B0622A12230CFF800267BE5 /* FilterRepository.swift in Sources */,
				3B396D4D2222B7FA007E744B /* UIView+Shadow.swift in Sources */,
				3B239A6222202B56002C8542 /* UIColor+Hex.swift in Sources */,
				3B239A6822202D2C002C8542 /* SchedulersFacade.swift in Sources */,
				3BD33DCB2226482F007C6E37 /* Location.swift in Sources */,
				3BB35FFD222936BA00AFA6D7 /* StoreUtilsProtocol.swift in Sources */,
				3B239A5D22201F11002C8542 /* FlightsViewModel.swift in Sources */,
				3B0622A4223149D200267BE5 /* AppWideConfigurations.swift in Sources */,
				3B2EBE3C221F9D7700A462F6 /* API.swift in Sources */,
				3B06229D2230CA2900267BE5 /* FilterLocalDataSource.swift in Sources */,
				3B239A7322204AE5002C8542 /* NetworkingOperations.swift in Sources */,
				3B239A7922229E69002C8542 /* FlightsCollectionViewCell.swift in Sources */,
				3B396D4B2222B66E007E744B /* Shadow.swift in Sources */,
				3B06228C222FE69900267BE5 /* CoreDataManagerProtocol.swift in Sources */,
				3B239A6A222030BD002C8542 /* FlightsFilter.swift in Sources */,
				3B015B0D221D2AFE00E7616B /* FlightsRemoteDataSource.swift in Sources */,
				3BD33DEC2227BA2B007C6E37 /* Date+WeekendDates.swift in Sources */,
				3B06229B2230C8B900267BE5 /* FilterDataSource.swift in Sources */,
				3B239A6022202A9D002C8542 /* UINavigationBar+Transparent.swift in Sources */,
				3B2EBE2F221F294000A462F6 /* RestNetworkClient.swift in Sources */,
				3B239A5B22201EF6002C8542 /* FlightsViewController.swift in Sources */,
				3B06229F2230CEAC00267BE5 /* FilterModule.swift in Sources */,
				3B239A5622201C9F002C8542 /* Constants.swift in Sources */,
				3B015B07221D26FA00E7616B /* RouteItem.swift in Sources */,
				3B2EBE33221F41E600A462F6 /* DataError.swift in Sources */,
				3B239A6622202D23002C8542 /* SchedulersFacadeProtocol.swift in Sources */,
				3B239A6E2220437D002C8542 /* LoadingStatus.swift in Sources */,
				3BD33DE722274472007C6E37 /* UIViewController+SegueIdentifier.swift in Sources */,
				3BB360012229374300AFA6D7 /* StoreUtilsKeys.swift in Sources */,
				3B239A6C22204351002C8542 /* RequestStatus.swift in Sources */,
				3B239A4A22201B16002C8542 /* DataModule.swift in Sources */,
				3B015B12221D2C4F00E7616B /* RestNetworkClientProtocol.swift in Sources */,
				3B2EBE3A221F9C6D00A462F6 /* FlightsModule.swift in Sources */,
				3BD33DE522274221007C6E37 /* Injectable.swift in Sources */,
				3BD33DCF2226A026007C6E37 /* LocationsRequestParameter.swift in Sources */,
				3B06228E222FEF1F00267BE5 /* CachingUtils.swift in Sources */,
				3B2EBE37221F920600A462F6 /* DataErrorMessageFormatter.swift in Sources */,
				3B015ACD221C94FE00E7616B /* AppDelegate.swift in Sources */,
				3BD33DFE22286616007C6E37 /* FlightsResponse.swift in Sources */,
				3B396D5822233BC3007E744B /* UIBarButtonIten+Action.swift in Sources */,
				3B015B02221CA23C00E7616B /* FlightsDataSource.swift in Sources */,
				3B062293222FF3A800267BE5 /* CachingUtilsProtocol.swift in Sources */,
				3B015B05221D220900E7616B /* Flight.swift in Sources */,
				3B062284222EE0E600267BE5 /* CoreDataManager.swift in Sources */,
				3B239A46222011D1002C8542 /* FlightsRequest.swift in Sources */,
				3B2EBE2B221F270800A462F6 /* HTTPRequestType.swift in Sources */,
				3BD33DE92227590C007C6E37 /* TravelInterval.swift in Sources */,
				3B015AD5221C94FE00E7616B /* Nomad.xcdatamodeld in Sources */,
				3B396D5622233A4B007E744B /* FilterViewController.swift in Sources */,
				3BD33E0422286F69007C6E37 /* AppUtils.swift in Sources */,
				3B062299222FFCD900267BE5 /* DateUtilsModule.swift in Sources */,
				3B062297222FFC0100267BE5 /* DateUtilsProtocol.swift in Sources */,
				3BD33DC9222646B0007C6E37 /* LocationsDataSource.swift in Sources */,
				3B396D5B22233C0A007E744B /* StoryboardSegue.swift in Sources */,
				3B396D8A222550B3007E744B /* NotificationBannerUtils.swift in Sources */,
				3BD33DE222273E22007C6E37 /* FilterViewModel.swift in Sources */,
				3B015B0A221D293200E7616B /* FlightsRepository.swift in Sources */,
				3B239A4422200183002C8542 /* DataExceptionHelper.swift in Sources */,
				3B396DA72225D3FA007E744B /* LocationsPushRow.swift in Sources */,
				3B396D482222A73F007E744B /* DateUtils.swift in Sources */,
				3B2EBE35221F422E00A462F6 /* DataErrorType.swift in Sources */,
				3B062290222FF0BB00267BE5 /* StoreUtilsModule.swift in Sources */,
				3B396DAE2225DA91007E744B /* LocationsViewModel.swift in Sources */,
				3B2EBE2D221F277C00A462F6 /* Result.swift in Sources */,
			);
			runOnlyForDeploymentPostprocessing = 0;
		};
		3B015ADC221C950100E7616B /* Sources */ = {
			isa = PBXSourcesBuildPhase;
			buildActionMask = 2147483647;
			files = (
				3B015AE5221C950100E7616B /* NomadTests.swift in Sources */,
			);
			runOnlyForDeploymentPostprocessing = 0;
		};
		3B015AE7221C950100E7616B /* Sources */ = {
			isa = PBXSourcesBuildPhase;
			buildActionMask = 2147483647;
			files = (
				3B015AF0221C950100E7616B /* NomadUITests.swift in Sources */,
			);
			runOnlyForDeploymentPostprocessing = 0;
		};
/* End PBXSourcesBuildPhase section */

/* Begin PBXTargetDependency section */
		3B015AE2221C950100E7616B /* PBXTargetDependency */ = {
			isa = PBXTargetDependency;
			target = 3B015AC8221C94FE00E7616B /* Nomad */;
			targetProxy = 3B015AE1221C950100E7616B /* PBXContainerItemProxy */;
		};
		3B015AED221C950100E7616B /* PBXTargetDependency */ = {
			isa = PBXTargetDependency;
			target = 3B015AC8221C94FE00E7616B /* Nomad */;
			targetProxy = 3B015AEC221C950100E7616B /* PBXContainerItemProxy */;
		};
/* End PBXTargetDependency section */

/* Begin PBXVariantGroup section */
		3B015AD0221C94FE00E7616B /* Main.storyboard */ = {
			isa = PBXVariantGroup;
			children = (
				3B015AD1221C94FE00E7616B /* Base */,
			);
			name = Main.storyboard;
			sourceTree = "<group>";
		};
		3B015AD8221C950100E7616B /* LaunchScreen.storyboard */ = {
			isa = PBXVariantGroup;
			children = (
				3B015AD9221C950100E7616B /* Base */,
			);
			name = LaunchScreen.storyboard;
			sourceTree = "<group>";
		};
/* End PBXVariantGroup section */

/* Begin XCBuildConfiguration section */
		3B015AF2221C950100E7616B /* Debug */ = {
			isa = XCBuildConfiguration;
			buildSettings = {
				ALWAYS_SEARCH_USER_PATHS = NO;
				CLANG_ANALYZER_NONNULL = YES;
				CLANG_ANALYZER_NUMBER_OBJECT_CONVERSION = YES_AGGRESSIVE;
				CLANG_CXX_LANGUAGE_STANDARD = "gnu++14";
				CLANG_CXX_LIBRARY = "libc++";
				CLANG_ENABLE_MODULES = YES;
				CLANG_ENABLE_OBJC_ARC = YES;
				CLANG_ENABLE_OBJC_WEAK = YES;
				CLANG_WARN_BLOCK_CAPTURE_AUTORELEASING = YES;
				CLANG_WARN_BOOL_CONVERSION = YES;
				CLANG_WARN_COMMA = YES;
				CLANG_WARN_CONSTANT_CONVERSION = YES;
				CLANG_WARN_DEPRECATED_OBJC_IMPLEMENTATIONS = YES;
				CLANG_WARN_DIRECT_OBJC_ISA_USAGE = YES_ERROR;
				CLANG_WARN_DOCUMENTATION_COMMENTS = YES;
				CLANG_WARN_EMPTY_BODY = YES;
				CLANG_WARN_ENUM_CONVERSION = YES;
				CLANG_WARN_INFINITE_RECURSION = YES;
				CLANG_WARN_INT_CONVERSION = YES;
				CLANG_WARN_NON_LITERAL_NULL_CONVERSION = YES;
				CLANG_WARN_OBJC_IMPLICIT_RETAIN_SELF = YES;
				CLANG_WARN_OBJC_LITERAL_CONVERSION = YES;
				CLANG_WARN_OBJC_ROOT_CLASS = YES_ERROR;
				CLANG_WARN_RANGE_LOOP_ANALYSIS = YES;
				CLANG_WARN_STRICT_PROTOTYPES = YES;
				CLANG_WARN_SUSPICIOUS_MOVE = YES;
				CLANG_WARN_UNGUARDED_AVAILABILITY = YES_AGGRESSIVE;
				CLANG_WARN_UNREACHABLE_CODE = YES;
				CLANG_WARN__DUPLICATE_METHOD_MATCH = YES;
				CODE_SIGN_IDENTITY = "iPhone Developer";
				COPY_PHASE_STRIP = NO;
				DEBUG_INFORMATION_FORMAT = dwarf;
				ENABLE_STRICT_OBJC_MSGSEND = YES;
				ENABLE_TESTABILITY = YES;
				GCC_C_LANGUAGE_STANDARD = gnu11;
				GCC_DYNAMIC_NO_PIC = NO;
				GCC_NO_COMMON_BLOCKS = YES;
				GCC_OPTIMIZATION_LEVEL = 0;
				GCC_PREPROCESSOR_DEFINITIONS = (
					"DEBUG=1",
					"$(inherited)",
				);
				GCC_WARN_64_TO_32_BIT_CONVERSION = YES;
				GCC_WARN_ABOUT_RETURN_TYPE = YES_ERROR;
				GCC_WARN_UNDECLARED_SELECTOR = YES;
				GCC_WARN_UNINITIALIZED_AUTOS = YES_AGGRESSIVE;
				GCC_WARN_UNUSED_FUNCTION = YES;
				GCC_WARN_UNUSED_VARIABLE = YES;
				IPHONEOS_DEPLOYMENT_TARGET = 12.1;
				MTL_ENABLE_DEBUG_INFO = INCLUDE_SOURCE;
				MTL_FAST_MATH = YES;
				ONLY_ACTIVE_ARCH = YES;
				SDKROOT = iphoneos;
				SWIFT_ACTIVE_COMPILATION_CONDITIONS = DEBUG;
				SWIFT_OPTIMIZATION_LEVEL = "-Onone";
			};
			name = Debug;
		};
		3B015AF3221C950100E7616B /* Release */ = {
			isa = XCBuildConfiguration;
			buildSettings = {
				ALWAYS_SEARCH_USER_PATHS = NO;
				CLANG_ANALYZER_NONNULL = YES;
				CLANG_ANALYZER_NUMBER_OBJECT_CONVERSION = YES_AGGRESSIVE;
				CLANG_CXX_LANGUAGE_STANDARD = "gnu++14";
				CLANG_CXX_LIBRARY = "libc++";
				CLANG_ENABLE_MODULES = YES;
				CLANG_ENABLE_OBJC_ARC = YES;
				CLANG_ENABLE_OBJC_WEAK = YES;
				CLANG_WARN_BLOCK_CAPTURE_AUTORELEASING = YES;
				CLANG_WARN_BOOL_CONVERSION = YES;
				CLANG_WARN_COMMA = YES;
				CLANG_WARN_CONSTANT_CONVERSION = YES;
				CLANG_WARN_DEPRECATED_OBJC_IMPLEMENTATIONS = YES;
				CLANG_WARN_DIRECT_OBJC_ISA_USAGE = YES_ERROR;
				CLANG_WARN_DOCUMENTATION_COMMENTS = YES;
				CLANG_WARN_EMPTY_BODY = YES;
				CLANG_WARN_ENUM_CONVERSION = YES;
				CLANG_WARN_INFINITE_RECURSION = YES;
				CLANG_WARN_INT_CONVERSION = YES;
				CLANG_WARN_NON_LITERAL_NULL_CONVERSION = YES;
				CLANG_WARN_OBJC_IMPLICIT_RETAIN_SELF = YES;
				CLANG_WARN_OBJC_LITERAL_CONVERSION = YES;
				CLANG_WARN_OBJC_ROOT_CLASS = YES_ERROR;
				CLANG_WARN_RANGE_LOOP_ANALYSIS = YES;
				CLANG_WARN_STRICT_PROTOTYPES = YES;
				CLANG_WARN_SUSPICIOUS_MOVE = YES;
				CLANG_WARN_UNGUARDED_AVAILABILITY = YES_AGGRESSIVE;
				CLANG_WARN_UNREACHABLE_CODE = YES;
				CLANG_WARN__DUPLICATE_METHOD_MATCH = YES;
				CODE_SIGN_IDENTITY = "iPhone Developer";
				COPY_PHASE_STRIP = NO;
				DEBUG_INFORMATION_FORMAT = "dwarf-with-dsym";
				ENABLE_NS_ASSERTIONS = NO;
				ENABLE_STRICT_OBJC_MSGSEND = YES;
				GCC_C_LANGUAGE_STANDARD = gnu11;
				GCC_NO_COMMON_BLOCKS = YES;
				GCC_WARN_64_TO_32_BIT_CONVERSION = YES;
				GCC_WARN_ABOUT_RETURN_TYPE = YES_ERROR;
				GCC_WARN_UNDECLARED_SELECTOR = YES;
				GCC_WARN_UNINITIALIZED_AUTOS = YES_AGGRESSIVE;
				GCC_WARN_UNUSED_FUNCTION = YES;
				GCC_WARN_UNUSED_VARIABLE = YES;
				IPHONEOS_DEPLOYMENT_TARGET = 12.1;
				MTL_ENABLE_DEBUG_INFO = NO;
				MTL_FAST_MATH = YES;
				SDKROOT = iphoneos;
				SWIFT_COMPILATION_MODE = wholemodule;
				SWIFT_OPTIMIZATION_LEVEL = "-O";
				VALIDATE_PRODUCT = YES;
			};
			name = Release;
		};
		3B015AF5221C950100E7616B /* Debug */ = {
			isa = XCBuildConfiguration;
			baseConfigurationReference = A5FD716DE76DDC8FE3B5B2B7 /* Pods-Nomad.debug.xcconfig */;
			buildSettings = {
				ASSETCATALOG_COMPILER_APPICON_NAME = AppIcon;
				CODE_SIGN_STYLE = Automatic;
				DEVELOPMENT_TEAM = 52ZA549FF5;
				INFOPLIST_FILE = Nomad/Info.plist;
				LD_RUNPATH_SEARCH_PATHS = (
					"$(inherited)",
					"@executable_path/Frameworks",
				);
				PRODUCT_BUNDLE_IDENTIFIER = com.safwat.Nomad;
				PRODUCT_NAME = "$(TARGET_NAME)";
				SWIFT_VERSION = 4.2;
				TARGETED_DEVICE_FAMILY = "1,2";
			};
			name = Debug;
		};
		3B015AF6221C950100E7616B /* Release */ = {
			isa = XCBuildConfiguration;
			baseConfigurationReference = DFCCC487AD09716E084952C2 /* Pods-Nomad.release.xcconfig */;
			buildSettings = {
				ASSETCATALOG_COMPILER_APPICON_NAME = AppIcon;
				CODE_SIGN_STYLE = Automatic;
				DEVELOPMENT_TEAM = 52ZA549FF5;
				INFOPLIST_FILE = Nomad/Info.plist;
				LD_RUNPATH_SEARCH_PATHS = (
					"$(inherited)",
					"@executable_path/Frameworks",
				);
				PRODUCT_BUNDLE_IDENTIFIER = com.safwat.Nomad;
				PRODUCT_NAME = "$(TARGET_NAME)";
				SWIFT_VERSION = 4.2;
				TARGETED_DEVICE_FAMILY = "1,2";
			};
			name = Release;
		};
		3B015AF8221C950100E7616B /* Debug */ = {
			isa = XCBuildConfiguration;
			baseConfigurationReference = 542B4189711871D97DA56A14 /* Pods-NomadTests.debug.xcconfig */;
			buildSettings = {
				ALWAYS_EMBED_SWIFT_STANDARD_LIBRARIES = YES;
				BUNDLE_LOADER = "$(TEST_HOST)";
				CODE_SIGN_STYLE = Automatic;
				DEVELOPMENT_TEAM = 52ZA549FF5;
				INFOPLIST_FILE = NomadTests/Info.plist;
				LD_RUNPATH_SEARCH_PATHS = (
					"$(inherited)",
					"@executable_path/Frameworks",
					"@loader_path/Frameworks",
				);
				PRODUCT_BUNDLE_IDENTIFIER = com.safwat.NomadTests;
				PRODUCT_NAME = "$(TARGET_NAME)";
				SWIFT_VERSION = 4.2;
				TARGETED_DEVICE_FAMILY = "1,2";
				TEST_HOST = "$(BUILT_PRODUCTS_DIR)/Nomad.app/Nomad";
			};
			name = Debug;
		};
		3B015AF9221C950100E7616B /* Release */ = {
			isa = XCBuildConfiguration;
			baseConfigurationReference = BF6BF238B9BAB7EB8783B9E5 /* Pods-NomadTests.release.xcconfig */;
			buildSettings = {
				ALWAYS_EMBED_SWIFT_STANDARD_LIBRARIES = YES;
				BUNDLE_LOADER = "$(TEST_HOST)";
				CODE_SIGN_STYLE = Automatic;
				DEVELOPMENT_TEAM = 52ZA549FF5;
				INFOPLIST_FILE = NomadTests/Info.plist;
				LD_RUNPATH_SEARCH_PATHS = (
					"$(inherited)",
					"@executable_path/Frameworks",
					"@loader_path/Frameworks",
				);
				PRODUCT_BUNDLE_IDENTIFIER = com.safwat.NomadTests;
				PRODUCT_NAME = "$(TARGET_NAME)";
				SWIFT_VERSION = 4.2;
				TARGETED_DEVICE_FAMILY = "1,2";
				TEST_HOST = "$(BUILT_PRODUCTS_DIR)/Nomad.app/Nomad";
			};
			name = Release;
		};
		3B015AFB221C950100E7616B /* Debug */ = {
			isa = XCBuildConfiguration;
			baseConfigurationReference = 4A624D3D16D74451A6BD87E4 /* Pods-NomadUITests.debug.xcconfig */;
			buildSettings = {
				ALWAYS_EMBED_SWIFT_STANDARD_LIBRARIES = YES;
				CODE_SIGN_STYLE = Automatic;
				DEVELOPMENT_TEAM = 52ZA549FF5;
				INFOPLIST_FILE = NomadUITests/Info.plist;
				LD_RUNPATH_SEARCH_PATHS = (
					"$(inherited)",
					"@executable_path/Frameworks",
					"@loader_path/Frameworks",
				);
				PRODUCT_BUNDLE_IDENTIFIER = com.safwat.NomadUITests;
				PRODUCT_NAME = "$(TARGET_NAME)";
				SWIFT_VERSION = 4.2;
				TARGETED_DEVICE_FAMILY = "1,2";
				TEST_TARGET_NAME = Nomad;
			};
			name = Debug;
		};
		3B015AFC221C950100E7616B /* Release */ = {
			isa = XCBuildConfiguration;
			baseConfigurationReference = FF9A5F5D3C1CE9E056E51A26 /* Pods-NomadUITests.release.xcconfig */;
			buildSettings = {
				ALWAYS_EMBED_SWIFT_STANDARD_LIBRARIES = YES;
				CODE_SIGN_STYLE = Automatic;
				DEVELOPMENT_TEAM = 52ZA549FF5;
				INFOPLIST_FILE = NomadUITests/Info.plist;
				LD_RUNPATH_SEARCH_PATHS = (
					"$(inherited)",
					"@executable_path/Frameworks",
					"@loader_path/Frameworks",
				);
				PRODUCT_BUNDLE_IDENTIFIER = com.safwat.NomadUITests;
				PRODUCT_NAME = "$(TARGET_NAME)";
				SWIFT_VERSION = 4.2;
				TARGETED_DEVICE_FAMILY = "1,2";
				TEST_TARGET_NAME = Nomad;
			};
			name = Release;
		};
/* End XCBuildConfiguration section */

/* Begin XCConfigurationList section */
		3B015AC4221C94FE00E7616B /* Build configuration list for PBXProject "Nomad" */ = {
			isa = XCConfigurationList;
			buildConfigurations = (
				3B015AF2221C950100E7616B /* Debug */,
				3B015AF3221C950100E7616B /* Release */,
			);
			defaultConfigurationIsVisible = 0;
			defaultConfigurationName = Release;
		};
		3B015AF4221C950100E7616B /* Build configuration list for PBXNativeTarget "Nomad" */ = {
			isa = XCConfigurationList;
			buildConfigurations = (
				3B015AF5221C950100E7616B /* Debug */,
				3B015AF6221C950100E7616B /* Release */,
			);
			defaultConfigurationIsVisible = 0;
			defaultConfigurationName = Release;
		};
		3B015AF7221C950100E7616B /* Build configuration list for PBXNativeTarget "NomadTests" */ = {
			isa = XCConfigurationList;
			buildConfigurations = (
				3B015AF8221C950100E7616B /* Debug */,
				3B015AF9221C950100E7616B /* Release */,
			);
			defaultConfigurationIsVisible = 0;
			defaultConfigurationName = Release;
		};
		3B015AFA221C950100E7616B /* Build configuration list for PBXNativeTarget "NomadUITests" */ = {
			isa = XCConfigurationList;
			buildConfigurations = (
				3B015AFB221C950100E7616B /* Debug */,
				3B015AFC221C950100E7616B /* Release */,
			);
			defaultConfigurationIsVisible = 0;
			defaultConfigurationName = Release;
		};
/* End XCConfigurationList section */

/* Begin XCVersionGroup section */
		3B015AD3221C94FE00E7616B /* Nomad.xcdatamodeld */ = {
			isa = XCVersionGroup;
			children = (
				3B015AD4221C94FE00E7616B /* Nomad.xcdatamodel */,
			);
			currentVersion = 3B015AD4221C94FE00E7616B /* Nomad.xcdatamodel */;
			path = Nomad.xcdatamodeld;
			sourceTree = "<group>";
			versionGroupType = wrapper.xcdatamodel;
		};
/* End XCVersionGroup section */
	};
	rootObject = 3B015AC1221C94FE00E7616B /* Project object */;
}
